// !$*UTF8*$!
{
	archiveVersion = 1;
	classes = {
	};
	objectVersion = 46;
	objects = {

/* Begin PBXBuildFile section */
		320407001A7BA378006D12DC /* forward-seat-orange.png in Resources */ = {isa = PBXBuildFile; fileRef = 320406FC1A7BA378006D12DC /* forward-seat-orange.png */; };
		320407011A7BA378006D12DC /* forward-seat-orange@2x.png in Resources */ = {isa = PBXBuildFile; fileRef = 320406FD1A7BA378006D12DC /* forward-seat-orange@2x.png */; };
		320407021A7BA378006D12DC /* forward-seat.png in Resources */ = {isa = PBXBuildFile; fileRef = 320406FE1A7BA378006D12DC /* forward-seat.png */; };
		320407031A7BA378006D12DC /* forward-seat@2x.png in Resources */ = {isa = PBXBuildFile; fileRef = 320406FF1A7BA378006D12DC /* forward-seat@2x.png */; };
		320407061A7BBA6A006D12DC /* CustomButton.m in Sources */ = {isa = PBXBuildFile; fileRef = 320407051A7BBA6A006D12DC /* CustomButton.m */; };
		3216556D1A7B367B003CB46C /* SchemeController.m in Sources */ = {isa = PBXBuildFile; fileRef = 3216556C1A7B367B003CB46C /* SchemeController.m */; };
		32237EF41A78962100253768 /* Routes.m in Sources */ = {isa = PBXBuildFile; fileRef = 32237EF31A78962100253768 /* Routes.m */; };
		322485141A767D0800284BB0 /* AFHTTPRequestOperation.m in Sources */ = {isa = PBXBuildFile; fileRef = 322485021A767D0800284BB0 /* AFHTTPRequestOperation.m */; };
		322485151A767D0800284BB0 /* AFHTTPRequestOperationManager.m in Sources */ = {isa = PBXBuildFile; fileRef = 322485041A767D0800284BB0 /* AFHTTPRequestOperationManager.m */; };
		322485161A767D0800284BB0 /* AFHTTPSessionManager.m in Sources */ = {isa = PBXBuildFile; fileRef = 322485061A767D0800284BB0 /* AFHTTPSessionManager.m */; };
		322485171A767D0800284BB0 /* AFNetworkReachabilityManager.m in Sources */ = {isa = PBXBuildFile; fileRef = 322485091A767D0800284BB0 /* AFNetworkReachabilityManager.m */; };
		322485181A767D0800284BB0 /* AFSecurityPolicy.m in Sources */ = {isa = PBXBuildFile; fileRef = 3224850B1A767D0800284BB0 /* AFSecurityPolicy.m */; };
		322485191A767D0800284BB0 /* AFURLConnectionOperation.m in Sources */ = {isa = PBXBuildFile; fileRef = 3224850D1A767D0800284BB0 /* AFURLConnectionOperation.m */; };
		3224851A1A767D0800284BB0 /* AFURLRequestSerialization.m in Sources */ = {isa = PBXBuildFile; fileRef = 3224850F1A767D0800284BB0 /* AFURLRequestSerialization.m */; };
		3224851B1A767D0800284BB0 /* AFURLResponseSerialization.m in Sources */ = {isa = PBXBuildFile; fileRef = 322485111A767D0800284BB0 /* AFURLResponseSerialization.m */; };
		3224851C1A767D0800284BB0 /* AFURLSessionManager.m in Sources */ = {isa = PBXBuildFile; fileRef = 322485131A767D0800284BB0 /* AFURLSessionManager.m */; };
		3224852F1A767D1600284BB0 /* AFNetworkActivityIndicatorManager.m in Sources */ = {isa = PBXBuildFile; fileRef = 3224851F1A767D1600284BB0 /* AFNetworkActivityIndicatorManager.m */; };
		322485301A767D1600284BB0 /* UIActivityIndicatorView+AFNetworking.m in Sources */ = {isa = PBXBuildFile; fileRef = 322485211A767D1600284BB0 /* UIActivityIndicatorView+AFNetworking.m */; };
		322485311A767D1600284BB0 /* UIAlertView+AFNetworking.m in Sources */ = {isa = PBXBuildFile; fileRef = 322485231A767D1600284BB0 /* UIAlertView+AFNetworking.m */; };
		322485321A767D1600284BB0 /* UIButton+AFNetworking.m in Sources */ = {isa = PBXBuildFile; fileRef = 322485251A767D1600284BB0 /* UIButton+AFNetworking.m */; };
		322485331A767D1600284BB0 /* UIImageView+AFNetworking.m in Sources */ = {isa = PBXBuildFile; fileRef = 322485271A767D1600284BB0 /* UIImageView+AFNetworking.m */; };
		322485341A767D1600284BB0 /* UIProgressView+AFNetworking.m in Sources */ = {isa = PBXBuildFile; fileRef = 3224852A1A767D1600284BB0 /* UIProgressView+AFNetworking.m */; };
		322485351A767D1600284BB0 /* UIRefreshControl+AFNetworking.m in Sources */ = {isa = PBXBuildFile; fileRef = 3224852C1A767D1600284BB0 /* UIRefreshControl+AFNetworking.m */; };
		322485361A767D1600284BB0 /* UIWebView+AFNetworking.m in Sources */ = {isa = PBXBuildFile; fileRef = 3224852E1A767D1600284BB0 /* UIWebView+AFNetworking.m */; };
		3234A0191A7A40490001EEB8 /* PricesManager.m in Sources */ = {isa = PBXBuildFile; fileRef = 3234A0181A7A40490001EEB8 /* PricesManager.m */; };
		323B819D1A77D1E600DD1D1A /* DejalActivityView.m in Sources */ = {isa = PBXBuildFile; fileRef = 323B819C1A77D1E600DD1D1A /* DejalActivityView.m */; };
		323B819F1A77D21300DD1D1A /* CoreGraphics.framework in Frameworks */ = {isa = PBXBuildFile; fileRef = 323B819E1A77D21300DD1D1A /* CoreGraphics.framework */; };
		324ECF3B1A839C09002ECA41 /* NSURLRequest+IgnoreSSL.m in Sources */ = {isa = PBXBuildFile; fileRef = 324ECF3A1A839C09002ECA41 /* NSURLRequest+IgnoreSSL.m */; };
		32601E311A86780A00E37A06 /* UIColor+ConvertHEX.m in Sources */ = {isa = PBXBuildFile; fileRef = 32601E301A86780A00E37A06 /* UIColor+ConvertHEX.m */; };
		3260B6F01A862561003F88FD /* WagonTypes.plist in Resources */ = {isa = PBXBuildFile; fileRef = 3260B6EF1A862561003F88FD /* WagonTypes.plist */; };
		3270CD491A78DEEB004C27CE /* RoutesCustomCell.m in Sources */ = {isa = PBXBuildFile; fileRef = 3270CD471A78DEEB004C27CE /* RoutesCustomCell.m */; };
		3270CD4A1A78DEEB004C27CE /* RoutesCustomCell.xib in Resources */ = {isa = PBXBuildFile; fileRef = 3270CD481A78DEEB004C27CE /* RoutesCustomCell.xib */; };
		327D02621A8E1D81006DC83F /* NSString+ContainsStrModernizer.m in Sources */ = {isa = PBXBuildFile; fileRef = 327D02611A8E1D81006DC83F /* NSString+ContainsStrModernizer.m */; };
		328420CD1A8507E6006F4F8A /* Roboto-Black.ttf in Resources */ = {isa = PBXBuildFile; fileRef = 328420BC1A8507E6006F4F8A /* Roboto-Black.ttf */; };
		328420CE1A8507E6006F4F8A /* Roboto-BlackItalic.ttf in Resources */ = {isa = PBXBuildFile; fileRef = 328420BD1A8507E6006F4F8A /* Roboto-BlackItalic.ttf */; };
		328420CF1A8507E6006F4F8A /* Roboto-Bold.ttf in Resources */ = {isa = PBXBuildFile; fileRef = 328420BE1A8507E6006F4F8A /* Roboto-Bold.ttf */; };
		328420D01A8507E6006F4F8A /* Roboto-BoldItalic.ttf in Resources */ = {isa = PBXBuildFile; fileRef = 328420BF1A8507E6006F4F8A /* Roboto-BoldItalic.ttf */; };
		328420D11A8507E6006F4F8A /* Roboto-Italic.ttf in Resources */ = {isa = PBXBuildFile; fileRef = 328420C01A8507E6006F4F8A /* Roboto-Italic.ttf */; };
		328420D21A8507E6006F4F8A /* Roboto-Light.ttf in Resources */ = {isa = PBXBuildFile; fileRef = 328420C11A8507E6006F4F8A /* Roboto-Light.ttf */; };
		328420D31A8507E6006F4F8A /* Roboto-LightItalic.ttf in Resources */ = {isa = PBXBuildFile; fileRef = 328420C21A8507E6006F4F8A /* Roboto-LightItalic.ttf */; };
		328420D41A8507E6006F4F8A /* Roboto-Medium.ttf in Resources */ = {isa = PBXBuildFile; fileRef = 328420C31A8507E6006F4F8A /* Roboto-Medium.ttf */; };
		328420D51A8507E6006F4F8A /* Roboto-MediumItalic.ttf in Resources */ = {isa = PBXBuildFile; fileRef = 328420C41A8507E6006F4F8A /* Roboto-MediumItalic.ttf */; };
		328420D61A8507E6006F4F8A /* Roboto-Regular.ttf in Resources */ = {isa = PBXBuildFile; fileRef = 328420C51A8507E6006F4F8A /* Roboto-Regular.ttf */; };
		328420D71A8507E6006F4F8A /* Roboto-Thin.ttf in Resources */ = {isa = PBXBuildFile; fileRef = 328420C61A8507E6006F4F8A /* Roboto-Thin.ttf */; };
		328420D81A8507E6006F4F8A /* Roboto-ThinItalic.ttf in Resources */ = {isa = PBXBuildFile; fileRef = 328420C71A8507E6006F4F8A /* Roboto-ThinItalic.ttf */; };
		328420D91A8507E6006F4F8A /* RobotoCondensed-Bold.ttf in Resources */ = {isa = PBXBuildFile; fileRef = 328420C81A8507E6006F4F8A /* RobotoCondensed-Bold.ttf */; };
		328420DA1A8507E6006F4F8A /* RobotoCondensed-BoldItalic.ttf in Resources */ = {isa = PBXBuildFile; fileRef = 328420C91A8507E6006F4F8A /* RobotoCondensed-BoldItalic.ttf */; };
		328420DB1A8507E6006F4F8A /* RobotoCondensed-Italic.ttf in Resources */ = {isa = PBXBuildFile; fileRef = 328420CA1A8507E6006F4F8A /* RobotoCondensed-Italic.ttf */; };
		328420DC1A8507E6006F4F8A /* RobotoCondensed-Light.ttf in Resources */ = {isa = PBXBuildFile; fileRef = 328420CB1A8507E6006F4F8A /* RobotoCondensed-Light.ttf */; };
		328420DD1A8507E6006F4F8A /* RobotoCondensed-LightItalic.ttf in Resources */ = {isa = PBXBuildFile; fileRef = 328420CC1A8507E6006F4F8A /* RobotoCondensed-LightItalic.ttf */; };
		328420E31A85084C006F4F8A /* time.png in Resources */ = {isa = PBXBuildFile; fileRef = 328420DF1A85084C006F4F8A /* time.png */; };
		328420E41A85084C006F4F8A /* time@2x.png in Resources */ = {isa = PBXBuildFile; fileRef = 328420E01A85084C006F4F8A /* time@2x.png */; };
		328420E51A85084C006F4F8A /* time@3x.png in Resources */ = {isa = PBXBuildFile; fileRef = 328420E11A85084C006F4F8A /* time@3x.png */; };
		328EF2471A84E05A00348C9C /* NSString+NSDateFormatter.m in Sources */ = {isa = PBXBuildFile; fileRef = 328EF2461A84E05A00348C9C /* NSString+NSDateFormatter.m */; };
		32A069411A7668E100015743 /* main.m in Sources */ = {isa = PBXBuildFile; fileRef = 32A069401A7668E100015743 /* main.m */; };
		32A069441A7668E100015743 /* AppDelegate.m in Sources */ = {isa = PBXBuildFile; fileRef = 32A069431A7668E100015743 /* AppDelegate.m */; };
		32A069471A7668E100015743 /* StartController.m in Sources */ = {isa = PBXBuildFile; fileRef = 32A069461A7668E100015743 /* StartController.m */; };
		32A0694A1A7668E100015743 /* Main.storyboard in Resources */ = {isa = PBXBuildFile; fileRef = 32A069481A7668E100015743 /* Main.storyboard */; };
		32A0694C1A7668E100015743 /* Images.xcassets in Resources */ = {isa = PBXBuildFile; fileRef = 32A0694B1A7668E100015743 /* Images.xcassets */; };
		32A0694F1A7668E100015743 /* LaunchScreen.xib in Resources */ = {isa = PBXBuildFile; fileRef = 32A0694D1A7668E100015743 /* LaunchScreen.xib */; };
		32A0695B1A7668E100015743 /* TestAPIv3Tests.m in Sources */ = {isa = PBXBuildFile; fileRef = 32A0695A1A7668E100015743 /* TestAPIv3Tests.m */; };
		32A069661A766C7400015743 /* RoutesController.m in Sources */ = {isa = PBXBuildFile; fileRef = 32A069651A766C7400015743 /* RoutesController.m */; };
		32A0696A1A7670AB00015743 /* SessionManager.m in Sources */ = {isa = PBXBuildFile; fileRef = 32A069691A7670AB00015743 /* SessionManager.m */; };
		32B3B0851A81EA90006C1CC8 /* WebViewController.m in Sources */ = {isa = PBXBuildFile; fileRef = 32B3B0841A81EA90006C1CC8 /* WebViewController.m */; };
		32E9227C1A8B69DA00E1E613 /* logo.png in Resources */ = {isa = PBXBuildFile; fileRef = 32E922791A8B69D900E1E613 /* logo.png */; };
		32E9227D1A8B69DA00E1E613 /* logo@2x.png in Resources */ = {isa = PBXBuildFile; fileRef = 32E9227A1A8B69DA00E1E613 /* logo@2x.png */; };
		32E9227E1A8B69DA00E1E613 /* logo@3x.png in Resources */ = {isa = PBXBuildFile; fileRef = 32E9227B1A8B69DA00E1E613 /* logo@3x.png */; };
		32F60CD01A7B466A00FD273A /* Kupe40.png in Resources */ = {isa = PBXBuildFile; fileRef = 32F60CCD1A7B466A00FD273A /* Kupe40.png */; };
		32F60CD11A7B466A00FD273A /* Kupe40@2x.png in Resources */ = {isa = PBXBuildFile; fileRef = 32F60CCE1A7B466A00FD273A /* Kupe40@2x.png */; };
		32F60CD21A7B466A00FD273A /* Kupe40@3x.png in Resources */ = {isa = PBXBuildFile; fileRef = 32F60CCF1A7B466A00FD273A /* Kupe40@3x.png */; };
		32F60CD51A7B749E00FD273A /* SchemeType40.m in Sources */ = {isa = PBXBuildFile; fileRef = 32F60CD41A7B749E00FD273A /* SchemeType40.m */; };
		32F60CD71A7B74D200FD273A /* SchemeType40.xib in Resources */ = {isa = PBXBuildFile; fileRef = 32F60CD61A7B74D200FD273A /* SchemeType40.xib */; };
/* End PBXBuildFile section */

/* Begin PBXContainerItemProxy section */
		32A069551A7668E100015743 /* PBXContainerItemProxy */ = {
			isa = PBXContainerItemProxy;
			containerPortal = 32A069331A7668E100015743 /* Project object */;
			proxyType = 1;
			remoteGlobalIDString = 32A0693A1A7668E100015743;
			remoteInfo = TestAPIv3;
		};
/* End PBXContainerItemProxy section */

/* Begin PBXFileReference section */
		320406FC1A7BA378006D12DC /* forward-seat-orange.png */ = {isa = PBXFileReference; lastKnownFileType = image.png; name = "forward-seat-orange.png"; path = "Resources/Choose seats/forward-seat-orange.png"; sourceTree = "<group>"; };
		320406FD1A7BA378006D12DC /* forward-seat-orange@2x.png */ = {isa = PBXFileReference; lastKnownFileType = image.png; name = "forward-seat-orange@2x.png"; path = "Resources/Choose seats/forward-seat-orange@2x.png"; sourceTree = "<group>"; };
		320406FE1A7BA378006D12DC /* forward-seat.png */ = {isa = PBXFileReference; lastKnownFileType = image.png; name = "forward-seat.png"; path = "Resources/Choose seats/forward-seat.png"; sourceTree = "<group>"; };
		320406FF1A7BA378006D12DC /* forward-seat@2x.png */ = {isa = PBXFileReference; lastKnownFileType = image.png; name = "forward-seat@2x.png"; path = "Resources/Choose seats/forward-seat@2x.png"; sourceTree = "<group>"; };
		320407041A7BBA6A006D12DC /* CustomButton.h */ = {isa = PBXFileReference; fileEncoding = 4; lastKnownFileType = sourcecode.c.h; path = CustomButton.h; sourceTree = "<group>"; };
		320407051A7BBA6A006D12DC /* CustomButton.m */ = {isa = PBXFileReference; fileEncoding = 4; lastKnownFileType = sourcecode.c.objc; path = CustomButton.m; sourceTree = "<group>"; };
		3216556B1A7B367B003CB46C /* SchemeController.h */ = {isa = PBXFileReference; fileEncoding = 4; lastKnownFileType = sourcecode.c.h; path = SchemeController.h; sourceTree = "<group>"; };
		3216556C1A7B367B003CB46C /* SchemeController.m */ = {isa = PBXFileReference; fileEncoding = 4; lastKnownFileType = sourcecode.c.objc; path = SchemeController.m; sourceTree = "<group>"; };
		32237EF21A78962100253768 /* Routes.h */ = {isa = PBXFileReference; fileEncoding = 4; lastKnownFileType = sourcecode.c.h; path = Routes.h; sourceTree = "<group>"; };
		32237EF31A78962100253768 /* Routes.m */ = {isa = PBXFileReference; fileEncoding = 4; lastKnownFileType = sourcecode.c.objc; path = Routes.m; sourceTree = "<group>"; };
		322485011A767D0800284BB0 /* AFHTTPRequestOperation.h */ = {isa = PBXFileReference; fileEncoding = 4; lastKnownFileType = sourcecode.c.h; path = AFHTTPRequestOperation.h; sourceTree = "<group>"; };
		322485021A767D0800284BB0 /* AFHTTPRequestOperation.m */ = {isa = PBXFileReference; fileEncoding = 4; lastKnownFileType = sourcecode.c.objc; path = AFHTTPRequestOperation.m; sourceTree = "<group>"; };
		322485031A767D0800284BB0 /* AFHTTPRequestOperationManager.h */ = {isa = PBXFileReference; fileEncoding = 4; lastKnownFileType = sourcecode.c.h; path = AFHTTPRequestOperationManager.h; sourceTree = "<group>"; };
		322485041A767D0800284BB0 /* AFHTTPRequestOperationManager.m */ = {isa = PBXFileReference; fileEncoding = 4; lastKnownFileType = sourcecode.c.objc; path = AFHTTPRequestOperationManager.m; sourceTree = "<group>"; };
		322485051A767D0800284BB0 /* AFHTTPSessionManager.h */ = {isa = PBXFileReference; fileEncoding = 4; lastKnownFileType = sourcecode.c.h; path = AFHTTPSessionManager.h; sourceTree = "<group>"; };
		322485061A767D0800284BB0 /* AFHTTPSessionManager.m */ = {isa = PBXFileReference; fileEncoding = 4; lastKnownFileType = sourcecode.c.objc; path = AFHTTPSessionManager.m; sourceTree = "<group>"; };
		322485071A767D0800284BB0 /* AFNetworking.h */ = {isa = PBXFileReference; fileEncoding = 4; lastKnownFileType = sourcecode.c.h; path = AFNetworking.h; sourceTree = "<group>"; };
		322485081A767D0800284BB0 /* AFNetworkReachabilityManager.h */ = {isa = PBXFileReference; fileEncoding = 4; lastKnownFileType = sourcecode.c.h; path = AFNetworkReachabilityManager.h; sourceTree = "<group>"; };
		322485091A767D0800284BB0 /* AFNetworkReachabilityManager.m */ = {isa = PBXFileReference; fileEncoding = 4; lastKnownFileType = sourcecode.c.objc; path = AFNetworkReachabilityManager.m; sourceTree = "<group>"; };
		3224850A1A767D0800284BB0 /* AFSecurityPolicy.h */ = {isa = PBXFileReference; fileEncoding = 4; lastKnownFileType = sourcecode.c.h; path = AFSecurityPolicy.h; sourceTree = "<group>"; };
		3224850B1A767D0800284BB0 /* AFSecurityPolicy.m */ = {isa = PBXFileReference; fileEncoding = 4; lastKnownFileType = sourcecode.c.objc; path = AFSecurityPolicy.m; sourceTree = "<group>"; };
		3224850C1A767D0800284BB0 /* AFURLConnectionOperation.h */ = {isa = PBXFileReference; fileEncoding = 4; lastKnownFileType = sourcecode.c.h; path = AFURLConnectionOperation.h; sourceTree = "<group>"; };
		3224850D1A767D0800284BB0 /* AFURLConnectionOperation.m */ = {isa = PBXFileReference; fileEncoding = 4; lastKnownFileType = sourcecode.c.objc; path = AFURLConnectionOperation.m; sourceTree = "<group>"; };
		3224850E1A767D0800284BB0 /* AFURLRequestSerialization.h */ = {isa = PBXFileReference; fileEncoding = 4; lastKnownFileType = sourcecode.c.h; path = AFURLRequestSerialization.h; sourceTree = "<group>"; };
		3224850F1A767D0800284BB0 /* AFURLRequestSerialization.m */ = {isa = PBXFileReference; fileEncoding = 4; lastKnownFileType = sourcecode.c.objc; path = AFURLRequestSerialization.m; sourceTree = "<group>"; };
		322485101A767D0800284BB0 /* AFURLResponseSerialization.h */ = {isa = PBXFileReference; fileEncoding = 4; lastKnownFileType = sourcecode.c.h; path = AFURLResponseSerialization.h; sourceTree = "<group>"; };
		322485111A767D0800284BB0 /* AFURLResponseSerialization.m */ = {isa = PBXFileReference; fileEncoding = 4; lastKnownFileType = sourcecode.c.objc; path = AFURLResponseSerialization.m; sourceTree = "<group>"; };
		322485121A767D0800284BB0 /* AFURLSessionManager.h */ = {isa = PBXFileReference; fileEncoding = 4; lastKnownFileType = sourcecode.c.h; path = AFURLSessionManager.h; sourceTree = "<group>"; };
		322485131A767D0800284BB0 /* AFURLSessionManager.m */ = {isa = PBXFileReference; fileEncoding = 4; lastKnownFileType = sourcecode.c.objc; path = AFURLSessionManager.m; sourceTree = "<group>"; };
		3224851E1A767D1600284BB0 /* AFNetworkActivityIndicatorManager.h */ = {isa = PBXFileReference; fileEncoding = 4; lastKnownFileType = sourcecode.c.h; path = AFNetworkActivityIndicatorManager.h; sourceTree = "<group>"; };
		3224851F1A767D1600284BB0 /* AFNetworkActivityIndicatorManager.m */ = {isa = PBXFileReference; fileEncoding = 4; lastKnownFileType = sourcecode.c.objc; path = AFNetworkActivityIndicatorManager.m; sourceTree = "<group>"; };
		322485201A767D1600284BB0 /* UIActivityIndicatorView+AFNetworking.h */ = {isa = PBXFileReference; fileEncoding = 4; lastKnownFileType = sourcecode.c.h; path = "UIActivityIndicatorView+AFNetworking.h"; sourceTree = "<group>"; };
		322485211A767D1600284BB0 /* UIActivityIndicatorView+AFNetworking.m */ = {isa = PBXFileReference; fileEncoding = 4; lastKnownFileType = sourcecode.c.objc; path = "UIActivityIndicatorView+AFNetworking.m"; sourceTree = "<group>"; };
		322485221A767D1600284BB0 /* UIAlertView+AFNetworking.h */ = {isa = PBXFileReference; fileEncoding = 4; lastKnownFileType = sourcecode.c.h; path = "UIAlertView+AFNetworking.h"; sourceTree = "<group>"; };
		322485231A767D1600284BB0 /* UIAlertView+AFNetworking.m */ = {isa = PBXFileReference; fileEncoding = 4; lastKnownFileType = sourcecode.c.objc; path = "UIAlertView+AFNetworking.m"; sourceTree = "<group>"; };
		322485241A767D1600284BB0 /* UIButton+AFNetworking.h */ = {isa = PBXFileReference; fileEncoding = 4; lastKnownFileType = sourcecode.c.h; path = "UIButton+AFNetworking.h"; sourceTree = "<group>"; };
		322485251A767D1600284BB0 /* UIButton+AFNetworking.m */ = {isa = PBXFileReference; fileEncoding = 4; lastKnownFileType = sourcecode.c.objc; path = "UIButton+AFNetworking.m"; sourceTree = "<group>"; };
		322485261A767D1600284BB0 /* UIImageView+AFNetworking.h */ = {isa = PBXFileReference; fileEncoding = 4; lastKnownFileType = sourcecode.c.h; path = "UIImageView+AFNetworking.h"; sourceTree = "<group>"; };
		322485271A767D1600284BB0 /* UIImageView+AFNetworking.m */ = {isa = PBXFileReference; fileEncoding = 4; lastKnownFileType = sourcecode.c.objc; path = "UIImageView+AFNetworking.m"; sourceTree = "<group>"; };
		322485281A767D1600284BB0 /* UIKit+AFNetworking.h */ = {isa = PBXFileReference; fileEncoding = 4; lastKnownFileType = sourcecode.c.h; path = "UIKit+AFNetworking.h"; sourceTree = "<group>"; };
		322485291A767D1600284BB0 /* UIProgressView+AFNetworking.h */ = {isa = PBXFileReference; fileEncoding = 4; lastKnownFileType = sourcecode.c.h; path = "UIProgressView+AFNetworking.h"; sourceTree = "<group>"; };
		3224852A1A767D1600284BB0 /* UIProgressView+AFNetworking.m */ = {isa = PBXFileReference; fileEncoding = 4; lastKnownFileType = sourcecode.c.objc; path = "UIProgressView+AFNetworking.m"; sourceTree = "<group>"; };
		3224852B1A767D1600284BB0 /* UIRefreshControl+AFNetworking.h */ = {isa = PBXFileReference; fileEncoding = 4; lastKnownFileType = sourcecode.c.h; path = "UIRefreshControl+AFNetworking.h"; sourceTree = "<group>"; };
		3224852C1A767D1600284BB0 /* UIRefreshControl+AFNetworking.m */ = {isa = PBXFileReference; fileEncoding = 4; lastKnownFileType = sourcecode.c.objc; path = "UIRefreshControl+AFNetworking.m"; sourceTree = "<group>"; };
		3224852D1A767D1600284BB0 /* UIWebView+AFNetworking.h */ = {isa = PBXFileReference; fileEncoding = 4; lastKnownFileType = sourcecode.c.h; path = "UIWebView+AFNetworking.h"; sourceTree = "<group>"; };
		3224852E1A767D1600284BB0 /* UIWebView+AFNetworking.m */ = {isa = PBXFileReference; fileEncoding = 4; lastKnownFileType = sourcecode.c.objc; path = "UIWebView+AFNetworking.m"; sourceTree = "<group>"; };
		3234A0171A7A40490001EEB8 /* PricesManager.h */ = {isa = PBXFileReference; fileEncoding = 4; lastKnownFileType = sourcecode.c.h; path = PricesManager.h; sourceTree = "<group>"; };
		3234A0181A7A40490001EEB8 /* PricesManager.m */ = {isa = PBXFileReference; fileEncoding = 4; lastKnownFileType = sourcecode.c.objc; path = PricesManager.m; sourceTree = "<group>"; };
		323B819B1A77D1E600DD1D1A /* DejalActivityView.h */ = {isa = PBXFileReference; fileEncoding = 4; lastKnownFileType = sourcecode.c.h; path = DejalActivityView.h; sourceTree = "<group>"; };
		323B819C1A77D1E600DD1D1A /* DejalActivityView.m */ = {isa = PBXFileReference; fileEncoding = 4; lastKnownFileType = sourcecode.c.objc; path = DejalActivityView.m; sourceTree = "<group>"; };
		323B819E1A77D21300DD1D1A /* CoreGraphics.framework */ = {isa = PBXFileReference; lastKnownFileType = wrapper.framework; name = CoreGraphics.framework; path = System/Library/Frameworks/CoreGraphics.framework; sourceTree = SDKROOT; };
		324ECF391A839C09002ECA41 /* NSURLRequest+IgnoreSSL.h */ = {isa = PBXFileReference; fileEncoding = 4; lastKnownFileType = sourcecode.c.h; path = "NSURLRequest+IgnoreSSL.h"; sourceTree = "<group>"; };
		324ECF3A1A839C09002ECA41 /* NSURLRequest+IgnoreSSL.m */ = {isa = PBXFileReference; fileEncoding = 4; lastKnownFileType = sourcecode.c.objc; path = "NSURLRequest+IgnoreSSL.m"; sourceTree = "<group>"; };
		32601E2F1A86780A00E37A06 /* UIColor+ConvertHEX.h */ = {isa = PBXFileReference; fileEncoding = 4; lastKnownFileType = sourcecode.c.h; path = "UIColor+ConvertHEX.h"; sourceTree = "<group>"; };
		32601E301A86780A00E37A06 /* UIColor+ConvertHEX.m */ = {isa = PBXFileReference; fileEncoding = 4; lastKnownFileType = sourcecode.c.objc; path = "UIColor+ConvertHEX.m"; sourceTree = "<group>"; };
		3260B6EF1A862561003F88FD /* WagonTypes.plist */ = {isa = PBXFileReference; fileEncoding = 4; lastKnownFileType = text.plist.xml; path = WagonTypes.plist; sourceTree = "<group>"; };
		3270CD461A78DEEB004C27CE /* RoutesCustomCell.h */ = {isa = PBXFileReference; fileEncoding = 4; lastKnownFileType = sourcecode.c.h; path = RoutesCustomCell.h; sourceTree = "<group>"; };
		3270CD471A78DEEB004C27CE /* RoutesCustomCell.m */ = {isa = PBXFileReference; fileEncoding = 4; lastKnownFileType = sourcecode.c.objc; path = RoutesCustomCell.m; sourceTree = "<group>"; };
		3270CD481A78DEEB004C27CE /* RoutesCustomCell.xib */ = {isa = PBXFileReference; fileEncoding = 4; lastKnownFileType = file.xib; path = RoutesCustomCell.xib; sourceTree = "<group>"; };
		327D02601A8E1D81006DC83F /* NSString+ContainsStrModernizer.h */ = {isa = PBXFileReference; fileEncoding = 4; lastKnownFileType = sourcecode.c.h; path = "NSString+ContainsStrModernizer.h"; sourceTree = "<group>"; };
		327D02611A8E1D81006DC83F /* NSString+ContainsStrModernizer.m */ = {isa = PBXFileReference; fileEncoding = 4; lastKnownFileType = sourcecode.c.objc; path = "NSString+ContainsStrModernizer.m"; sourceTree = "<group>"; };
		328420BC1A8507E6006F4F8A /* Roboto-Black.ttf */ = {isa = PBXFileReference; lastKnownFileType = file; name = "Roboto-Black.ttf"; path = "Resources/Roboto/Roboto-Black.ttf"; sourceTree = "<group>"; };
		328420BD1A8507E6006F4F8A /* Roboto-BlackItalic.ttf */ = {isa = PBXFileReference; lastKnownFileType = file; name = "Roboto-BlackItalic.ttf"; path = "Resources/Roboto/Roboto-BlackItalic.ttf"; sourceTree = "<group>"; };
		328420BE1A8507E6006F4F8A /* Roboto-Bold.ttf */ = {isa = PBXFileReference; lastKnownFileType = file; name = "Roboto-Bold.ttf"; path = "Resources/Roboto/Roboto-Bold.ttf"; sourceTree = "<group>"; };
		328420BF1A8507E6006F4F8A /* Roboto-BoldItalic.ttf */ = {isa = PBXFileReference; lastKnownFileType = file; name = "Roboto-BoldItalic.ttf"; path = "Resources/Roboto/Roboto-BoldItalic.ttf"; sourceTree = "<group>"; };
		328420C01A8507E6006F4F8A /* Roboto-Italic.ttf */ = {isa = PBXFileReference; lastKnownFileType = file; name = "Roboto-Italic.ttf"; path = "Resources/Roboto/Roboto-Italic.ttf"; sourceTree = "<group>"; };
		328420C11A8507E6006F4F8A /* Roboto-Light.ttf */ = {isa = PBXFileReference; lastKnownFileType = file; name = "Roboto-Light.ttf"; path = "Resources/Roboto/Roboto-Light.ttf"; sourceTree = "<group>"; };
		328420C21A8507E6006F4F8A /* Roboto-LightItalic.ttf */ = {isa = PBXFileReference; lastKnownFileType = file; name = "Roboto-LightItalic.ttf"; path = "Resources/Roboto/Roboto-LightItalic.ttf"; sourceTree = "<group>"; };
		328420C31A8507E6006F4F8A /* Roboto-Medium.ttf */ = {isa = PBXFileReference; lastKnownFileType = file; name = "Roboto-Medium.ttf"; path = "Resources/Roboto/Roboto-Medium.ttf"; sourceTree = "<group>"; };
		328420C41A8507E6006F4F8A /* Roboto-MediumItalic.ttf */ = {isa = PBXFileReference; lastKnownFileType = file; name = "Roboto-MediumItalic.ttf"; path = "Resources/Roboto/Roboto-MediumItalic.ttf"; sourceTree = "<group>"; };
		328420C51A8507E6006F4F8A /* Roboto-Regular.ttf */ = {isa = PBXFileReference; lastKnownFileType = file; name = "Roboto-Regular.ttf"; path = "Resources/Roboto/Roboto-Regular.ttf"; sourceTree = "<group>"; };
		328420C61A8507E6006F4F8A /* Roboto-Thin.ttf */ = {isa = PBXFileReference; lastKnownFileType = file; name = "Roboto-Thin.ttf"; path = "Resources/Roboto/Roboto-Thin.ttf"; sourceTree = "<group>"; };
		328420C71A8507E6006F4F8A /* Roboto-ThinItalic.ttf */ = {isa = PBXFileReference; lastKnownFileType = file; name = "Roboto-ThinItalic.ttf"; path = "Resources/Roboto/Roboto-ThinItalic.ttf"; sourceTree = "<group>"; };
		328420C81A8507E6006F4F8A /* RobotoCondensed-Bold.ttf */ = {isa = PBXFileReference; lastKnownFileType = file; name = "RobotoCondensed-Bold.ttf"; path = "Resources/Roboto/RobotoCondensed-Bold.ttf"; sourceTree = "<group>"; };
		328420C91A8507E6006F4F8A /* RobotoCondensed-BoldItalic.ttf */ = {isa = PBXFileReference; lastKnownFileType = file; name = "RobotoCondensed-BoldItalic.ttf"; path = "Resources/Roboto/RobotoCondensed-BoldItalic.ttf"; sourceTree = "<group>"; };
		328420CA1A8507E6006F4F8A /* RobotoCondensed-Italic.ttf */ = {isa = PBXFileReference; lastKnownFileType = file; name = "RobotoCondensed-Italic.ttf"; path = "Resources/Roboto/RobotoCondensed-Italic.ttf"; sourceTree = "<group>"; };
		328420CB1A8507E6006F4F8A /* RobotoCondensed-Light.ttf */ = {isa = PBXFileReference; lastKnownFileType = file; name = "RobotoCondensed-Light.ttf"; path = "Resources/Roboto/RobotoCondensed-Light.ttf"; sourceTree = "<group>"; };
		328420CC1A8507E6006F4F8A /* RobotoCondensed-LightItalic.ttf */ = {isa = PBXFileReference; lastKnownFileType = file; name = "RobotoCondensed-LightItalic.ttf"; path = "Resources/Roboto/RobotoCondensed-LightItalic.ttf"; sourceTree = "<group>"; };
		328420DF1A85084C006F4F8A /* time.png */ = {isa = PBXFileReference; lastKnownFileType = image.png; name = time.png; path = Resources/time.png; sourceTree = "<group>"; };
		328420E01A85084C006F4F8A /* time@2x.png */ = {isa = PBXFileReference; lastKnownFileType = image.png; name = "time@2x.png"; path = "Resources/time@2x.png"; sourceTree = "<group>"; };
		328420E11A85084C006F4F8A /* time@3x.png */ = {isa = PBXFileReference; lastKnownFileType = image.png; name = "time@3x.png"; path = "Resources/time@3x.png"; sourceTree = "<group>"; };
		328EF2451A84E05A00348C9C /* NSString+NSDateFormatter.h */ = {isa = PBXFileReference; fileEncoding = 4; lastKnownFileType = sourcecode.c.h; path = "NSString+NSDateFormatter.h"; sourceTree = "<group>"; };
		328EF2461A84E05A00348C9C /* NSString+NSDateFormatter.m */ = {isa = PBXFileReference; fileEncoding = 4; lastKnownFileType = sourcecode.c.objc; path = "NSString+NSDateFormatter.m"; sourceTree = "<group>"; };
		32A0693B1A7668E100015743 /* TestAPIv3.app */ = {isa = PBXFileReference; explicitFileType = wrapper.application; includeInIndex = 0; path = TestAPIv3.app; sourceTree = BUILT_PRODUCTS_DIR; };
		32A0693F1A7668E100015743 /* Info.plist */ = {isa = PBXFileReference; lastKnownFileType = text.plist.xml; path = Info.plist; sourceTree = "<group>"; };
		32A069401A7668E100015743 /* main.m */ = {isa = PBXFileReference; lastKnownFileType = sourcecode.c.objc; path = main.m; sourceTree = "<group>"; };
		32A069421A7668E100015743 /* AppDelegate.h */ = {isa = PBXFileReference; lastKnownFileType = sourcecode.c.h; path = AppDelegate.h; sourceTree = "<group>"; };
		32A069431A7668E100015743 /* AppDelegate.m */ = {isa = PBXFileReference; lastKnownFileType = sourcecode.c.objc; path = AppDelegate.m; sourceTree = "<group>"; };
		32A069451A7668E100015743 /* StartController.h */ = {isa = PBXFileReference; lastKnownFileType = sourcecode.c.h; path = StartController.h; sourceTree = "<group>"; };
		32A069461A7668E100015743 /* StartController.m */ = {isa = PBXFileReference; lastKnownFileType = sourcecode.c.objc; path = StartController.m; sourceTree = "<group>"; };
		32A069491A7668E100015743 /* Base */ = {isa = PBXFileReference; lastKnownFileType = file.storyboard; name = Base; path = Base.lproj/Main.storyboard; sourceTree = "<group>"; };
		32A0694B1A7668E100015743 /* Images.xcassets */ = {isa = PBXFileReference; lastKnownFileType = folder.assetcatalog; path = Images.xcassets; sourceTree = "<group>"; };
		32A0694E1A7668E100015743 /* Base */ = {isa = PBXFileReference; lastKnownFileType = file.xib; name = Base; path = Base.lproj/LaunchScreen.xib; sourceTree = "<group>"; };
		32A069541A7668E100015743 /* TestAPIv3Tests.xctest */ = {isa = PBXFileReference; explicitFileType = wrapper.cfbundle; includeInIndex = 0; path = TestAPIv3Tests.xctest; sourceTree = BUILT_PRODUCTS_DIR; };
		32A069591A7668E100015743 /* Info.plist */ = {isa = PBXFileReference; lastKnownFileType = text.plist.xml; path = Info.plist; sourceTree = "<group>"; };
		32A0695A1A7668E100015743 /* TestAPIv3Tests.m */ = {isa = PBXFileReference; lastKnownFileType = sourcecode.c.objc; path = TestAPIv3Tests.m; sourceTree = "<group>"; };
		32A069641A766C7400015743 /* RoutesController.h */ = {isa = PBXFileReference; fileEncoding = 4; lastKnownFileType = sourcecode.c.h; path = RoutesController.h; sourceTree = "<group>"; };
		32A069651A766C7400015743 /* RoutesController.m */ = {isa = PBXFileReference; fileEncoding = 4; lastKnownFileType = sourcecode.c.objc; path = RoutesController.m; sourceTree = "<group>"; };
		32A069681A7670AB00015743 /* SessionManager.h */ = {isa = PBXFileReference; fileEncoding = 4; lastKnownFileType = sourcecode.c.h; path = SessionManager.h; sourceTree = "<group>"; };
		32A069691A7670AB00015743 /* SessionManager.m */ = {isa = PBXFileReference; fileEncoding = 4; lastKnownFileType = sourcecode.c.objc; path = SessionManager.m; sourceTree = "<group>"; };
		32B3B0831A81EA90006C1CC8 /* WebViewController.h */ = {isa = PBXFileReference; fileEncoding = 4; lastKnownFileType = sourcecode.c.h; path = WebViewController.h; sourceTree = "<group>"; };
		32B3B0841A81EA90006C1CC8 /* WebViewController.m */ = {isa = PBXFileReference; fileEncoding = 4; lastKnownFileType = sourcecode.c.objc; path = WebViewController.m; sourceTree = "<group>"; };
		32E922791A8B69D900E1E613 /* logo.png */ = {isa = PBXFileReference; lastKnownFileType = image.png; name = logo.png; path = Resources/logo.png; sourceTree = "<group>"; };
		32E9227A1A8B69DA00E1E613 /* logo@2x.png */ = {isa = PBXFileReference; lastKnownFileType = image.png; name = "logo@2x.png"; path = "Resources/logo@2x.png"; sourceTree = "<group>"; };
		32E9227B1A8B69DA00E1E613 /* logo@3x.png */ = {isa = PBXFileReference; lastKnownFileType = image.png; name = "logo@3x.png"; path = "Resources/logo@3x.png"; sourceTree = "<group>"; };
		32F60CCD1A7B466A00FD273A /* Kupe40.png */ = {isa = PBXFileReference; lastKnownFileType = image.png; name = Kupe40.png; path = Resources/Cars/Kupe40.png; sourceTree = "<group>"; };
		32F60CCE1A7B466A00FD273A /* Kupe40@2x.png */ = {isa = PBXFileReference; lastKnownFileType = image.png; name = "Kupe40@2x.png"; path = "Resources/Cars/Kupe40@2x.png"; sourceTree = "<group>"; };
		32F60CCF1A7B466A00FD273A /* Kupe40@3x.png */ = {isa = PBXFileReference; lastKnownFileType = image.png; name = "Kupe40@3x.png"; path = "Resources/Cars/Kupe40@3x.png"; sourceTree = "<group>"; };
		32F60CD31A7B749E00FD273A /* SchemeType40.h */ = {isa = PBXFileReference; fileEncoding = 4; lastKnownFileType = sourcecode.c.h; path = SchemeType40.h; sourceTree = "<group>"; };
		32F60CD41A7B749E00FD273A /* SchemeType40.m */ = {isa = PBXFileReference; fileEncoding = 4; lastKnownFileType = sourcecode.c.objc; path = SchemeType40.m; sourceTree = "<group>"; };
		32F60CD61A7B74D200FD273A /* SchemeType40.xib */ = {isa = PBXFileReference; fileEncoding = 4; lastKnownFileType = file.xib; path = SchemeType40.xib; sourceTree = "<group>"; };
/* End PBXFileReference section */

/* Begin PBXFrameworksBuildPhase section */
		32A069381A7668E100015743 /* Frameworks */ = {
			isa = PBXFrameworksBuildPhase;
			buildActionMask = 2147483647;
			files = (
				323B819F1A77D21300DD1D1A /* CoreGraphics.framework in Frameworks */,
			);
			runOnlyForDeploymentPostprocessing = 0;
		};
		32A069511A7668E100015743 /* Frameworks */ = {
			isa = PBXFrameworksBuildPhase;
			buildActionMask = 2147483647;
			files = (
			);
			runOnlyForDeploymentPostprocessing = 0;
		};
/* End PBXFrameworksBuildPhase section */

/* Begin PBXGroup section */
		3216556E1A7B3684003CB46C /* SchemeController */ = {
			isa = PBXGroup;
			children = (
				3216556B1A7B367B003CB46C /* SchemeController.h */,
				3216556C1A7B367B003CB46C /* SchemeController.m */,
			);
			name = SchemeController;
			sourceTree = "<group>";
		};
		32237EEF1A7895D300253768 /* RoutesController */ = {
			isa = PBXGroup;
			children = (
				32A069641A766C7400015743 /* RoutesController.h */,
				32A069651A766C7400015743 /* RoutesController.m */,
			);
			name = RoutesController;
			sourceTree = "<group>";
		};
		32237EF01A7895EA00253768 /* StartController */ = {
			isa = PBXGroup;
			children = (
				32A069451A7668E100015743 /* StartController.h */,
				32A069461A7668E100015743 /* StartController.m */,
			);
			name = StartController;
			sourceTree = "<group>";
		};
		322485001A767D0800284BB0 /* AFNetworking */ = {
			isa = PBXGroup;
			children = (
				322485011A767D0800284BB0 /* AFHTTPRequestOperation.h */,
				322485021A767D0800284BB0 /* AFHTTPRequestOperation.m */,
				322485031A767D0800284BB0 /* AFHTTPRequestOperationManager.h */,
				322485041A767D0800284BB0 /* AFHTTPRequestOperationManager.m */,
				322485051A767D0800284BB0 /* AFHTTPSessionManager.h */,
				322485061A767D0800284BB0 /* AFHTTPSessionManager.m */,
				322485071A767D0800284BB0 /* AFNetworking.h */,
				322485081A767D0800284BB0 /* AFNetworkReachabilityManager.h */,
				322485091A767D0800284BB0 /* AFNetworkReachabilityManager.m */,
				3224850A1A767D0800284BB0 /* AFSecurityPolicy.h */,
				3224850B1A767D0800284BB0 /* AFSecurityPolicy.m */,
				3224850C1A767D0800284BB0 /* AFURLConnectionOperation.h */,
				3224850D1A767D0800284BB0 /* AFURLConnectionOperation.m */,
				3224850E1A767D0800284BB0 /* AFURLRequestSerialization.h */,
				3224850F1A767D0800284BB0 /* AFURLRequestSerialization.m */,
				322485101A767D0800284BB0 /* AFURLResponseSerialization.h */,
				322485111A767D0800284BB0 /* AFURLResponseSerialization.m */,
				322485121A767D0800284BB0 /* AFURLSessionManager.h */,
				322485131A767D0800284BB0 /* AFURLSessionManager.m */,
			);
			name = AFNetworking;
			path = Frameworks/AFNetworking;
			sourceTree = "<group>";
		};
		3224851D1A767D1600284BB0 /* UIKit+AFNetworking */ = {
			isa = PBXGroup;
			children = (
				3224851E1A767D1600284BB0 /* AFNetworkActivityIndicatorManager.h */,
				3224851F1A767D1600284BB0 /* AFNetworkActivityIndicatorManager.m */,
				322485201A767D1600284BB0 /* UIActivityIndicatorView+AFNetworking.h */,
				322485211A767D1600284BB0 /* UIActivityIndicatorView+AFNetworking.m */,
				322485221A767D1600284BB0 /* UIAlertView+AFNetworking.h */,
				322485231A767D1600284BB0 /* UIAlertView+AFNetworking.m */,
				322485241A767D1600284BB0 /* UIButton+AFNetworking.h */,
				322485251A767D1600284BB0 /* UIButton+AFNetworking.m */,
				322485261A767D1600284BB0 /* UIImageView+AFNetworking.h */,
				322485271A767D1600284BB0 /* UIImageView+AFNetworking.m */,
				322485281A767D1600284BB0 /* UIKit+AFNetworking.h */,
				322485291A767D1600284BB0 /* UIProgressView+AFNetworking.h */,
				3224852A1A767D1600284BB0 /* UIProgressView+AFNetworking.m */,
				3224852B1A767D1600284BB0 /* UIRefreshControl+AFNetworking.h */,
				3224852C1A767D1600284BB0 /* UIRefreshControl+AFNetworking.m */,
				3224852D1A767D1600284BB0 /* UIWebView+AFNetworking.h */,
				3224852E1A767D1600284BB0 /* UIWebView+AFNetworking.m */,
			);
			name = "UIKit+AFNetworking";
			path = "Frameworks/UIKit+AFNetworking";
			sourceTree = "<group>";
		};
		322485371A767D1B00284BB0 /* Frameworks */ = {
			isa = PBXGroup;
			children = (
				323B819E1A77D21300DD1D1A /* CoreGraphics.framework */,
				323B819A1A77D1E600DD1D1A /* DejalActivityView */,
				3224851D1A767D1600284BB0 /* UIKit+AFNetworking */,
				322485001A767D0800284BB0 /* AFNetworking */,
			);
			name = Frameworks;
			path = TestAPIv3;
			sourceTree = "<group>";
		};
		323B819A1A77D1E600DD1D1A /* DejalActivityView */ = {
			isa = PBXGroup;
			children = (
				323B819B1A77D1E600DD1D1A /* DejalActivityView.h */,
				323B819C1A77D1E600DD1D1A /* DejalActivityView.m */,
			);
			name = DejalActivityView;
			path = Frameworks/DejalActivityView;
			sourceTree = "<group>";
		};
		324670F81ABDD0A400E30C5D /* Scheme */ = {
			isa = PBXGroup;
			children = (
				32F60CD31A7B749E00FD273A /* SchemeType40.h */,
				32F60CD41A7B749E00FD273A /* SchemeType40.m */,
				32F60CD61A7B74D200FD273A /* SchemeType40.xib */,
				320407041A7BBA6A006D12DC /* CustomButton.h */,
				320407051A7BBA6A006D12DC /* CustomButton.m */,
			);
			name = Scheme;
			sourceTree = "<group>";
		};
		324670F91ABDD0B200E30C5D /* Route */ = {
			isa = PBXGroup;
			children = (
				3270CD461A78DEEB004C27CE /* RoutesCustomCell.h */,
				3270CD471A78DEEB004C27CE /* RoutesCustomCell.m */,
				3270CD481A78DEEB004C27CE /* RoutesCustomCell.xib */,
			);
			name = Route;
			sourceTree = "<group>";
		};
		324670FA1ABDD19800E30C5D /* Views */ = {
			isa = PBXGroup;
			children = (
				324670F91ABDD0B200E30C5D /* Route */,
				324670F81ABDD0A400E30C5D /* Scheme */,
			);
			name = Views;
			sourceTree = "<group>";
		};
		324670FB1ABDD20D00E30C5D /* Categories */ = {
			isa = PBXGroup;
			children = (
				324ECF391A839C09002ECA41 /* NSURLRequest+IgnoreSSL.h */,
				324ECF3A1A839C09002ECA41 /* NSURLRequest+IgnoreSSL.m */,
				328EF2451A84E05A00348C9C /* NSString+NSDateFormatter.h */,
				328EF2461A84E05A00348C9C /* NSString+NSDateFormatter.m */,
				32601E2F1A86780A00E37A06 /* UIColor+ConvertHEX.h */,
				32601E301A86780A00E37A06 /* UIColor+ConvertHEX.m */,
				327D02601A8E1D81006DC83F /* NSString+ContainsStrModernizer.h */,
				327D02611A8E1D81006DC83F /* NSString+ContainsStrModernizer.m */,
			);
			name = Categories;
			sourceTree = "<group>";
		};
		324670FD1ABDD28700E30C5D /* Models */ = {
			isa = PBXGroup;
			children = (
				324670FE1ABDD29F00E30C5D /* Route */,
			);
			name = Models;
			sourceTree = "<group>";
		};
		324670FE1ABDD29F00E30C5D /* Route */ = {
			isa = PBXGroup;
			children = (
				32237EF21A78962100253768 /* Routes.h */,
				32237EF31A78962100253768 /* Routes.m */,
			);
			name = Route;
			sourceTree = "<group>";
		};
		324670FF1ABDD2F200E30C5D /* Controllers */ = {
			isa = PBXGroup;
			children = (
				32237EF01A7895EA00253768 /* StartController */,
				32237EEF1A7895D300253768 /* RoutesController */,
				3216556E1A7B3684003CB46C /* SchemeController */,
				32B3B0861A81EAD5006C1CC8 /* WebViewController */,
			);
			name = Controllers;
			sourceTree = "<group>";
		};
		324A4B461A7E9E76003AFC6A /* Roboto Font */ = {
			isa = PBXGroup;
			children = (
				328420BC1A8507E6006F4F8A /* Roboto-Black.ttf */,
				328420BD1A8507E6006F4F8A /* Roboto-BlackItalic.ttf */,
				328420BE1A8507E6006F4F8A /* Roboto-Bold.ttf */,
				328420BF1A8507E6006F4F8A /* Roboto-BoldItalic.ttf */,
				328420C01A8507E6006F4F8A /* Roboto-Italic.ttf */,
				328420C11A8507E6006F4F8A /* Roboto-Light.ttf */,
				328420C21A8507E6006F4F8A /* Roboto-LightItalic.ttf */,
				328420C31A8507E6006F4F8A /* Roboto-Medium.ttf */,
				328420C41A8507E6006F4F8A /* Roboto-MediumItalic.ttf */,
				328420C51A8507E6006F4F8A /* Roboto-Regular.ttf */,
				328420C61A8507E6006F4F8A /* Roboto-Thin.ttf */,
				328420C71A8507E6006F4F8A /* Roboto-ThinItalic.ttf */,
				328420C81A8507E6006F4F8A /* RobotoCondensed-Bold.ttf */,
				328420C91A8507E6006F4F8A /* RobotoCondensed-BoldItalic.ttf */,
				328420CA1A8507E6006F4F8A /* RobotoCondensed-Italic.ttf */,
				328420CB1A8507E6006F4F8A /* RobotoCondensed-Light.ttf */,
				328420CC1A8507E6006F4F8A /* RobotoCondensed-LightItalic.ttf */,
			);
			name = "Roboto Font";
			sourceTree = "<group>";
		};
		3270CD4B1A78FD75004C27CE /* Resources */ = {
			isa = PBXGroup;
			children = (
				32E922791A8B69D900E1E613 /* logo.png */,
				32E9227A1A8B69DA00E1E613 /* logo@2x.png */,
				32E9227B1A8B69DA00E1E613 /* logo@3x.png */,
				328420DF1A85084C006F4F8A /* time.png */,
				328420E01A85084C006F4F8A /* time@2x.png */,
				328420E11A85084C006F4F8A /* time@3x.png */,
				320406FC1A7BA378006D12DC /* forward-seat-orange.png */,
				320406FD1A7BA378006D12DC /* forward-seat-orange@2x.png */,
				320406FE1A7BA378006D12DC /* forward-seat.png */,
				320406FF1A7BA378006D12DC /* forward-seat@2x.png */,
				32F60CCD1A7B466A00FD273A /* Kupe40.png */,
				32F60CCE1A7B466A00FD273A /* Kupe40@2x.png */,
				32F60CCF1A7B466A00FD273A /* Kupe40@3x.png */,
				324A4B461A7E9E76003AFC6A /* Roboto Font */,
			);
			name = Resources;
			sourceTree = "<group>";
		};
		32A069321A7668E100015743 = {
			isa = PBXGroup;
			children = (
				32A0693D1A7668E100015743 /* TestAPIv3 */,
				322485371A767D1B00284BB0 /* Frameworks */,
				32A069571A7668E100015743 /* TestAPIv3Tests */,
				32A0693C1A7668E100015743 /* Products */,
			);
			sourceTree = "<group>";
		};
		32A0693C1A7668E100015743 /* Products */ = {
			isa = PBXGroup;
			children = (
				32A0693B1A7668E100015743 /* TestAPIv3.app */,
				32A069541A7668E100015743 /* TestAPIv3Tests.xctest */,
			);
			name = Products;
			sourceTree = "<group>";
		};
		32A0693D1A7668E100015743 /* TestAPIv3 */ = {
			isa = PBXGroup;
			children = (
				32A069421A7668E100015743 /* AppDelegate.h */,
				32A069431A7668E100015743 /* AppDelegate.m */,
				324670FB1ABDD20D00E30C5D /* Categories */,
				324670FD1ABDD28700E30C5D /* Models */,
				32A069671A76700C00015743 /* Managers */,
				324670FF1ABDD2F200E30C5D /* Controllers */,
				324670FA1ABDD19800E30C5D /* Views */,
				3270CD4B1A78FD75004C27CE /* Resources */,
				32A0694B1A7668E100015743 /* Images.xcassets */,
				32A069481A7668E100015743 /* Main.storyboard */,
				32A0694D1A7668E100015743 /* LaunchScreen.xib */,
				32A0693E1A7668E100015743 /* Supporting Files */,
			);
			path = TestAPIv3;
			sourceTree = "<group>";
		};
		32A0693E1A7668E100015743 /* Supporting Files */ = {
			isa = PBXGroup;
			children = (
				32A0693F1A7668E100015743 /* Info.plist */,
				3260B6EF1A862561003F88FD /* WagonTypes.plist */,
				32A069401A7668E100015743 /* main.m */,
			);
			name = "Supporting Files";
			sourceTree = "<group>";
		};
		32A069571A7668E100015743 /* TestAPIv3Tests */ = {
			isa = PBXGroup;
			children = (
				32A0695A1A7668E100015743 /* TestAPIv3Tests.m */,
				32A069581A7668E100015743 /* Supporting Files */,
			);
			path = TestAPIv3Tests;
			sourceTree = "<group>";
		};
		32A069581A7668E100015743 /* Supporting Files */ = {
			isa = PBXGroup;
			children = (
				32A069591A7668E100015743 /* Info.plist */,
			);
			name = "Supporting Files";
			sourceTree = "<group>";
		};
		32A069671A76700C00015743 /* Managers */ = {
			isa = PBXGroup;
			children = (
				32A069681A7670AB00015743 /* SessionManager.h */,
				32A069691A7670AB00015743 /* SessionManager.m */,
				3234A0171A7A40490001EEB8 /* PricesManager.h */,
				3234A0181A7A40490001EEB8 /* PricesManager.m */,
			);
			name = Managers;
			sourceTree = "<group>";
		};
		32B3B0861A81EAD5006C1CC8 /* WebViewController */ = {
			isa = PBXGroup;
			children = (
				32B3B0831A81EA90006C1CC8 /* WebViewController.h */,
				32B3B0841A81EA90006C1CC8 /* WebViewController.m */,
			);
			name = WebViewController;
			sourceTree = "<group>";
		};
/* End PBXGroup section */

/* Begin PBXNativeTarget section */
		32A0693A1A7668E100015743 /* TestAPIv3 */ = {
			isa = PBXNativeTarget;
			buildConfigurationList = 32A0695E1A7668E100015743 /* Build configuration list for PBXNativeTarget "TestAPIv3" */;
			buildPhases = (
				32A069371A7668E100015743 /* Sources */,
				32A069381A7668E100015743 /* Frameworks */,
				32A069391A7668E100015743 /* Resources */,
			);
			buildRules = (
			);
			dependencies = (
			);
			name = TestAPIv3;
			productName = TestAPIv3;
			productReference = 32A0693B1A7668E100015743 /* TestAPIv3.app */;
			productType = "com.apple.product-type.application";
		};
		32A069531A7668E100015743 /* TestAPIv3Tests */ = {
			isa = PBXNativeTarget;
			buildConfigurationList = 32A069611A7668E100015743 /* Build configuration list for PBXNativeTarget "TestAPIv3Tests" */;
			buildPhases = (
				32A069501A7668E100015743 /* Sources */,
				32A069511A7668E100015743 /* Frameworks */,
				32A069521A7668E100015743 /* Resources */,
			);
			buildRules = (
			);
			dependencies = (
				32A069561A7668E100015743 /* PBXTargetDependency */,
			);
			name = TestAPIv3Tests;
			productName = TestAPIv3Tests;
			productReference = 32A069541A7668E100015743 /* TestAPIv3Tests.xctest */;
			productType = "com.apple.product-type.bundle.unit-test";
		};
/* End PBXNativeTarget section */

/* Begin PBXProject section */
		32A069331A7668E100015743 /* Project object */ = {
			isa = PBXProject;
			attributes = {
				LastUpgradeCheck = 0610;
				ORGANIZATIONNAME = "Dmitriy Demchenko";
				TargetAttributes = {
					32A0693A1A7668E100015743 = {
						CreatedOnToolsVersion = 6.1.1;
					};
					32A069531A7668E100015743 = {
						CreatedOnToolsVersion = 6.1.1;
						TestTargetID = 32A0693A1A7668E100015743;
					};
				};
			};
			buildConfigurationList = 32A069361A7668E100015743 /* Build configuration list for PBXProject "TestAPIv3" */;
			compatibilityVersion = "Xcode 3.2";
			developmentRegion = English;
			hasScannedForEncodings = 0;
			knownRegions = (
				en,
				Base,
			);
			mainGroup = 32A069321A7668E100015743;
			productRefGroup = 32A0693C1A7668E100015743 /* Products */;
			projectDirPath = "";
			projectRoot = "";
			targets = (
				32A0693A1A7668E100015743 /* TestAPIv3 */,
				32A069531A7668E100015743 /* TestAPIv3Tests */,
			);
		};
/* End PBXProject section */

/* Begin PBXResourcesBuildPhase section */
		32A069391A7668E100015743 /* Resources */ = {
			isa = PBXResourcesBuildPhase;
			buildActionMask = 2147483647;
			files = (
				328420D91A8507E6006F4F8A /* RobotoCondensed-Bold.ttf in Resources */,
				328420D51A8507E6006F4F8A /* Roboto-MediumItalic.ttf in Resources */,
				32A0694A1A7668E100015743 /* Main.storyboard in Resources */,
				32A0694F1A7668E100015743 /* LaunchScreen.xib in Resources */,
				328420D31A8507E6006F4F8A /* Roboto-LightItalic.ttf in Resources */,
				32F60CD01A7B466A00FD273A /* Kupe40.png in Resources */,
				328420D81A8507E6006F4F8A /* Roboto-ThinItalic.ttf in Resources */,
				320407031A7BA378006D12DC /* forward-seat@2x.png in Resources */,
				328420DB1A8507E6006F4F8A /* RobotoCondensed-Italic.ttf in Resources */,
				328420DC1A8507E6006F4F8A /* RobotoCondensed-Light.ttf in Resources */,
				32E9227E1A8B69DA00E1E613 /* logo@3x.png in Resources */,
				32F60CD11A7B466A00FD273A /* Kupe40@2x.png in Resources */,
				328420DD1A8507E6006F4F8A /* RobotoCondensed-LightItalic.ttf in Resources */,
				328420D71A8507E6006F4F8A /* Roboto-Thin.ttf in Resources */,
				3270CD4A1A78DEEB004C27CE /* RoutesCustomCell.xib in Resources */,
				328420D41A8507E6006F4F8A /* Roboto-Medium.ttf in Resources */,
				328420D11A8507E6006F4F8A /* Roboto-Italic.ttf in Resources */,
				32A0694C1A7668E100015743 /* Images.xcassets in Resources */,
				328420D21A8507E6006F4F8A /* Roboto-Light.ttf in Resources */,
				320407021A7BA378006D12DC /* forward-seat.png in Resources */,
				328420CD1A8507E6006F4F8A /* Roboto-Black.ttf in Resources */,
				328420E51A85084C006F4F8A /* time@3x.png in Resources */,
				32F60CD21A7B466A00FD273A /* Kupe40@3x.png in Resources */,
				32E9227C1A8B69DA00E1E613 /* logo.png in Resources */,
				3260B6F01A862561003F88FD /* WagonTypes.plist in Resources */,
				320407001A7BA378006D12DC /* forward-seat-orange.png in Resources */,
				32E9227D1A8B69DA00E1E613 /* logo@2x.png in Resources */,
				328420CF1A8507E6006F4F8A /* Roboto-Bold.ttf in Resources */,
				32F60CD71A7B74D200FD273A /* SchemeType40.xib in Resources */,
				328420E31A85084C006F4F8A /* time.png in Resources */,
				328420D61A8507E6006F4F8A /* Roboto-Regular.ttf in Resources */,
				328420DA1A8507E6006F4F8A /* RobotoCondensed-BoldItalic.ttf in Resources */,
				328420D01A8507E6006F4F8A /* Roboto-BoldItalic.ttf in Resources */,
				328420E41A85084C006F4F8A /* time@2x.png in Resources */,
				328420CE1A8507E6006F4F8A /* Roboto-BlackItalic.ttf in Resources */,
				320407011A7BA378006D12DC /* forward-seat-orange@2x.png in Resources */,
			);
			runOnlyForDeploymentPostprocessing = 0;
		};
		32A069521A7668E100015743 /* Resources */ = {
			isa = PBXResourcesBuildPhase;
			buildActionMask = 2147483647;
			files = (
			);
			runOnlyForDeploymentPostprocessing = 0;
		};
/* End PBXResourcesBuildPhase section */

/* Begin PBXSourcesBuildPhase section */
		32A069371A7668E100015743 /* Sources */ = {
			isa = PBXSourcesBuildPhase;
			buildActionMask = 2147483647;
			files = (
				32F60CD51A7B749E00FD273A /* SchemeType40.m in Sources */,
				32B3B0851A81EA90006C1CC8 /* WebViewController.m in Sources */,
				322485191A767D0800284BB0 /* AFURLConnectionOperation.m in Sources */,
				322485141A767D0800284BB0 /* AFHTTPRequestOperation.m in Sources */,
				322485321A767D1600284BB0 /* UIButton+AFNetworking.m in Sources */,
				320407061A7BBA6A006D12DC /* CustomButton.m in Sources */,
				324ECF3B1A839C09002ECA41 /* NSURLRequest+IgnoreSSL.m in Sources */,
				322485171A767D0800284BB0 /* AFNetworkReachabilityManager.m in Sources */,
				322485341A767D1600284BB0 /* UIProgressView+AFNetworking.m in Sources */,
				3216556D1A7B367B003CB46C /* SchemeController.m in Sources */,
				3234A0191A7A40490001EEB8 /* PricesManager.m in Sources */,
				328EF2471A84E05A00348C9C /* NSString+NSDateFormatter.m in Sources */,
				3224851C1A767D0800284BB0 /* AFURLSessionManager.m in Sources */,
				3270CD491A78DEEB004C27CE /* RoutesCustomCell.m in Sources */,
				3224851A1A767D0800284BB0 /* AFURLRequestSerialization.m in Sources */,
				32A0696A1A7670AB00015743 /* SessionManager.m in Sources */,
				322485351A767D1600284BB0 /* UIRefreshControl+AFNetworking.m in Sources */,
				323B819D1A77D1E600DD1D1A /* DejalActivityView.m in Sources */,
				327D02621A8E1D81006DC83F /* NSString+ContainsStrModernizer.m in Sources */,
				3224851B1A767D0800284BB0 /* AFURLResponseSerialization.m in Sources */,
				32A069471A7668E100015743 /* StartController.m in Sources */,
				322485331A767D1600284BB0 /* UIImageView+AFNetworking.m in Sources */,
				32A069441A7668E100015743 /* AppDelegate.m in Sources */,
				322485311A767D1600284BB0 /* UIAlertView+AFNetworking.m in Sources */,
				322485151A767D0800284BB0 /* AFHTTPRequestOperationManager.m in Sources */,
				322485181A767D0800284BB0 /* AFSecurityPolicy.m in Sources */,
				322485361A767D1600284BB0 /* UIWebView+AFNetworking.m in Sources */,
				32A069411A7668E100015743 /* main.m in Sources */,
				32A069661A766C7400015743 /* RoutesController.m in Sources */,
				322485161A767D0800284BB0 /* AFHTTPSessionManager.m in Sources */,
				32237EF41A78962100253768 /* Routes.m in Sources */,
				322485301A767D1600284BB0 /* UIActivityIndicatorView+AFNetworking.m in Sources */,
				3224852F1A767D1600284BB0 /* AFNetworkActivityIndicatorManager.m in Sources */,
				32601E311A86780A00E37A06 /* UIColor+ConvertHEX.m in Sources */,
			);
			runOnlyForDeploymentPostprocessing = 0;
		};
		32A069501A7668E100015743 /* Sources */ = {
			isa = PBXSourcesBuildPhase;
			buildActionMask = 2147483647;
			files = (
				32A0695B1A7668E100015743 /* TestAPIv3Tests.m in Sources */,
			);
			runOnlyForDeploymentPostprocessing = 0;
		};
/* End PBXSourcesBuildPhase section */

/* Begin PBXTargetDependency section */
		32A069561A7668E100015743 /* PBXTargetDependency */ = {
			isa = PBXTargetDependency;
			target = 32A0693A1A7668E100015743 /* TestAPIv3 */;
			targetProxy = 32A069551A7668E100015743 /* PBXContainerItemProxy */;
		};
/* End PBXTargetDependency section */

/* Begin PBXVariantGroup section */
		32A069481A7668E100015743 /* Main.storyboard */ = {
			isa = PBXVariantGroup;
			children = (
				32A069491A7668E100015743 /* Base */,
			);
			name = Main.storyboard;
			sourceTree = "<group>";
		};
		32A0694D1A7668E100015743 /* LaunchScreen.xib */ = {
			isa = PBXVariantGroup;
			children = (
				32A0694E1A7668E100015743 /* Base */,
			);
			name = LaunchScreen.xib;
			sourceTree = "<group>";
		};
/* End PBXVariantGroup section */

/* Begin XCBuildConfiguration section */
		32A0695C1A7668E100015743 /* Debug */ = {
			isa = XCBuildConfiguration;
			buildSettings = {
				ALWAYS_SEARCH_USER_PATHS = NO;
				CLANG_CXX_LANGUAGE_STANDARD = "gnu++0x";
				CLANG_CXX_LIBRARY = "libc++";
				CLANG_ENABLE_MODULES = YES;
				CLANG_ENABLE_OBJC_ARC = YES;
				CLANG_WARN_BOOL_CONVERSION = YES;
				CLANG_WARN_CONSTANT_CONVERSION = YES;
				CLANG_WARN_DIRECT_OBJC_ISA_USAGE = YES_ERROR;
				CLANG_WARN_EMPTY_BODY = YES;
				CLANG_WARN_ENUM_CONVERSION = YES;
				CLANG_WARN_INT_CONVERSION = YES;
				CLANG_WARN_OBJC_ROOT_CLASS = YES_ERROR;
				CLANG_WARN_UNREACHABLE_CODE = YES;
				CLANG_WARN__DUPLICATE_METHOD_MATCH = YES;
				"CODE_SIGN_IDENTITY[sdk=iphoneos*]" = "iPhone Developer";
				COPY_PHASE_STRIP = NO;
				ENABLE_STRICT_OBJC_MSGSEND = YES;
				GCC_C_LANGUAGE_STANDARD = gnu99;
				GCC_DYNAMIC_NO_PIC = NO;
				GCC_OPTIMIZATION_LEVEL = 0;
				GCC_PREPROCESSOR_DEFINITIONS = (
					"DEBUG=1",
					"$(inherited)",
				);
				GCC_SYMBOLS_PRIVATE_EXTERN = NO;
				GCC_WARN_64_TO_32_BIT_CONVERSION = YES;
				GCC_WARN_ABOUT_RETURN_TYPE = YES_ERROR;
				GCC_WARN_UNDECLARED_SELECTOR = YES;
				GCC_WARN_UNINITIALIZED_AUTOS = YES_AGGRESSIVE;
				GCC_WARN_UNUSED_FUNCTION = YES;
				GCC_WARN_UNUSED_VARIABLE = YES;
				IPHONEOS_DEPLOYMENT_TARGET = 8.1;
				MTL_ENABLE_DEBUG_INFO = YES;
				ONLY_ACTIVE_ARCH = YES;
				SDKROOT = iphoneos;
			};
			name = Debug;
		};
		32A0695D1A7668E100015743 /* Release */ = {
			isa = XCBuildConfiguration;
			buildSettings = {
				ALWAYS_SEARCH_USER_PATHS = NO;
				CLANG_CXX_LANGUAGE_STANDARD = "gnu++0x";
				CLANG_CXX_LIBRARY = "libc++";
				CLANG_ENABLE_MODULES = YES;
				CLANG_ENABLE_OBJC_ARC = YES;
				CLANG_WARN_BOOL_CONVERSION = YES;
				CLANG_WARN_CONSTANT_CONVERSION = YES;
				CLANG_WARN_DIRECT_OBJC_ISA_USAGE = YES_ERROR;
				CLANG_WARN_EMPTY_BODY = YES;
				CLANG_WARN_ENUM_CONVERSION = YES;
				CLANG_WARN_INT_CONVERSION = YES;
				CLANG_WARN_OBJC_ROOT_CLASS = YES_ERROR;
				CLANG_WARN_UNREACHABLE_CODE = YES;
				CLANG_WARN__DUPLICATE_METHOD_MATCH = YES;
				"CODE_SIGN_IDENTITY[sdk=iphoneos*]" = "iPhone Developer";
				COPY_PHASE_STRIP = YES;
				ENABLE_NS_ASSERTIONS = NO;
				ENABLE_STRICT_OBJC_MSGSEND = YES;
				GCC_C_LANGUAGE_STANDARD = gnu99;
				GCC_WARN_64_TO_32_BIT_CONVERSION = YES;
				GCC_WARN_ABOUT_RETURN_TYPE = YES_ERROR;
				GCC_WARN_UNDECLARED_SELECTOR = YES;
				GCC_WARN_UNINITIALIZED_AUTOS = YES_AGGRESSIVE;
				GCC_WARN_UNUSED_FUNCTION = YES;
				GCC_WARN_UNUSED_VARIABLE = YES;
				IPHONEOS_DEPLOYMENT_TARGET = 8.1;
				MTL_ENABLE_DEBUG_INFO = NO;
				SDKROOT = iphoneos;
				VALIDATE_PRODUCT = YES;
			};
			name = Release;
		};
		32A0695F1A7668E100015743 /* Debug */ = {
			isa = XCBuildConfiguration;
			buildSettings = {
				ASSETCATALOG_COMPILER_APPICON_NAME = AppIcon;
				ASSETCATALOG_COMPILER_LAUNCHIMAGE_NAME = LaunchImage;
				INFOPLIST_FILE = TestAPIv3/Info.plist;
				IPHONEOS_DEPLOYMENT_TARGET = 7.0;
				LD_RUNPATH_SEARCH_PATHS = "$(inherited) @executable_path/Frameworks";
				PRODUCT_NAME = "$(TARGET_NAME)";
			};
			name = Debug;
		};
		32A069601A7668E100015743 /* Release */ = {
			isa = XCBuildConfiguration;
			buildSettings = {
				ASSETCATALOG_COMPILER_APPICON_NAME = AppIcon;
				ASSETCATALOG_COMPILER_LAUNCHIMAGE_NAME = LaunchImage;
				INFOPLIST_FILE = TestAPIv3/Info.plist;
				IPHONEOS_DEPLOYMENT_TARGET = 7.0;
				LD_RUNPATH_SEARCH_PATHS = "$(inherited) @executable_path/Frameworks";
				PRODUCT_NAME = "$(TARGET_NAME)";
			};
			name = Release;
		};
		32A069621A7668E100015743 /* Debug */ = {
			isa = XCBuildConfiguration;
			buildSettings = {
				BUNDLE_LOADER = "$(TEST_HOST)";
				FRAMEWORK_SEARCH_PATHS = (
					"$(SDKROOT)/Developer/Library/Frameworks",
					"$(inherited)",
				);
				GCC_PREPROCESSOR_DEFINITIONS = (
					"DEBUG=1",
					"$(inherited)",
				);
				INFOPLIST_FILE = TestAPIv3Tests/Info.plist;
				LD_RUNPATH_SEARCH_PATHS = "$(inherited) @executable_path/Frameworks @loader_path/Frameworks";
				PRODUCT_NAME = "$(TARGET_NAME)";
				TEST_HOST = "$(BUILT_PRODUCTS_DIR)/TestAPIv3.app/TestAPIv3";
			};
			name = Debug;
		};
		32A069631A7668E100015743 /* Release */ = {
			isa = XCBuildConfiguration;
			buildSettings = {
				BUNDLE_LOADER = "$(TEST_HOST)";
				FRAMEWORK_SEARCH_PATHS = (
					"$(SDKROOT)/Developer/Library/Frameworks",
					"$(inherited)",
				);
				INFOPLIST_FILE = TestAPIv3Tests/Info.plist;
				LD_RUNPATH_SEARCH_PATHS = "$(inherited) @executable_path/Frameworks @loader_path/Frameworks";
				PRODUCT_NAME = "$(TARGET_NAME)";
				TEST_HOST = "$(BUILT_PRODUCTS_DIR)/TestAPIv3.app/TestAPIv3";
			};
			name = Release;
		};
/* End XCBuildConfiguration section */

/* Begin XCConfigurationList section */
		32A069361A7668E100015743 /* Build configuration list for PBXProject "TestAPIv3" */ = {
			isa = XCConfigurationList;
			buildConfigurations = (
				32A0695C1A7668E100015743 /* Debug */,
				32A0695D1A7668E100015743 /* Release */,
			);
			defaultConfigurationIsVisible = 0;
			defaultConfigurationName = Release;
		};
		32A0695E1A7668E100015743 /* Build configuration list for PBXNativeTarget "TestAPIv3" */ = {
			isa = XCConfigurationList;
			buildConfigurations = (
				32A0695F1A7668E100015743 /* Debug */,
				32A069601A7668E100015743 /* Release */,
			);
			defaultConfigurationIsVisible = 0;
			defaultConfigurationName = Release;
		};
		32A069611A7668E100015743 /* Build configuration list for PBXNativeTarget "TestAPIv3Tests" */ = {
			isa = XCConfigurationList;
			buildConfigurations = (
				32A069621A7668E100015743 /* Debug */,
				32A069631A7668E100015743 /* Release */,
			);
			defaultConfigurationIsVisible = 0;
			defaultConfigurationName = Release;
		};
/* End XCConfigurationList section */
	};
	rootObject = 32A069331A7668E100015743 /* Project object */;
}
