// !$*UTF8*$!
{
	archiveVersion = 1;
	classes = {
	};
	objectVersion = 46;
	objects = {

/* Begin PBXBuildFile section */
		32882D071A73E38000FE63C5 /* main.m in Sources */ = {isa = PBXBuildFile; fileRef = 32882D061A73E38000FE63C5 /* main.m */; };
		32882D0A1A73E38000FE63C5 /* AppDelegate.m in Sources */ = {isa = PBXBuildFile; fileRef = 32882D091A73E38000FE63C5 /* AppDelegate.m */; };
		32882D0D1A73E38000FE63C5 /* MainController.m in Sources */ = {isa = PBXBuildFile; fileRef = 32882D0C1A73E38000FE63C5 /* MainController.m */; };
		32882D101A73E38000FE63C5 /* Main.storyboard in Resources */ = {isa = PBXBuildFile; fileRef = 32882D0E1A73E38000FE63C5 /* Main.storyboard */; };
		32882D121A73E38000FE63C5 /* Images.xcassets in Resources */ = {isa = PBXBuildFile; fileRef = 32882D111A73E38000FE63C5 /* Images.xcassets */; };
		32882D151A73E38000FE63C5 /* LaunchScreen.xib in Resources */ = {isa = PBXBuildFile; fileRef = 32882D131A73E38000FE63C5 /* LaunchScreen.xib */; };
		32882D211A73E38000FE63C5 /* TestAPIv2Tests.m in Sources */ = {isa = PBXBuildFile; fileRef = 32882D201A73E38000FE63C5 /* TestAPIv2Tests.m */; };
		32882D2E1A73E4A300FE63C5 /* RequestManager.m in Sources */ = {isa = PBXBuildFile; fileRef = 32882D2B1A73E4A300FE63C5 /* RequestManager.m */; };
		32882D2F1A73E4A300FE63C5 /* Response.m in Sources */ = {isa = PBXBuildFile; fileRef = 32882D2D1A73E4A300FE63C5 /* Response.m */; };
		32882D441A73E4D600FE63C5 /* AFHTTPRequestOperation.m in Sources */ = {isa = PBXBuildFile; fileRef = 32882D321A73E4D600FE63C5 /* AFHTTPRequestOperation.m */; };
		32882D451A73E4D600FE63C5 /* AFHTTPRequestOperationManager.m in Sources */ = {isa = PBXBuildFile; fileRef = 32882D341A73E4D600FE63C5 /* AFHTTPRequestOperationManager.m */; };
		32882D461A73E4D600FE63C5 /* AFHTTPSessionManager.m in Sources */ = {isa = PBXBuildFile; fileRef = 32882D361A73E4D600FE63C5 /* AFHTTPSessionManager.m */; };
		32882D471A73E4D600FE63C5 /* AFNetworkReachabilityManager.m in Sources */ = {isa = PBXBuildFile; fileRef = 32882D391A73E4D600FE63C5 /* AFNetworkReachabilityManager.m */; };
		32882D481A73E4D600FE63C5 /* AFSecurityPolicy.m in Sources */ = {isa = PBXBuildFile; fileRef = 32882D3B1A73E4D600FE63C5 /* AFSecurityPolicy.m */; };
		32882D491A73E4D600FE63C5 /* AFURLConnectionOperation.m in Sources */ = {isa = PBXBuildFile; fileRef = 32882D3D1A73E4D600FE63C5 /* AFURLConnectionOperation.m */; };
		32882D4A1A73E4D600FE63C5 /* AFURLRequestSerialization.m in Sources */ = {isa = PBXBuildFile; fileRef = 32882D3F1A73E4D600FE63C5 /* AFURLRequestSerialization.m */; };
		32882D4B1A73E4D600FE63C5 /* AFURLResponseSerialization.m in Sources */ = {isa = PBXBuildFile; fileRef = 32882D411A73E4D600FE63C5 /* AFURLResponseSerialization.m */; };
		32882D4C1A73E4D600FE63C5 /* AFURLSessionManager.m in Sources */ = {isa = PBXBuildFile; fileRef = 32882D431A73E4D600FE63C5 /* AFURLSessionManager.m */; };
		32882D5F1A73E4E100FE63C5 /* AFNetworkActivityIndicatorManager.m in Sources */ = {isa = PBXBuildFile; fileRef = 32882D4F1A73E4E100FE63C5 /* AFNetworkActivityIndicatorManager.m */; };
		32882D601A73E4E100FE63C5 /* UIActivityIndicatorView+AFNetworking.m in Sources */ = {isa = PBXBuildFile; fileRef = 32882D511A73E4E100FE63C5 /* UIActivityIndicatorView+AFNetworking.m */; };
		32882D611A73E4E100FE63C5 /* UIAlertView+AFNetworking.m in Sources */ = {isa = PBXBuildFile; fileRef = 32882D531A73E4E100FE63C5 /* UIAlertView+AFNetworking.m */; };
		32882D621A73E4E100FE63C5 /* UIButton+AFNetworking.m in Sources */ = {isa = PBXBuildFile; fileRef = 32882D551A73E4E100FE63C5 /* UIButton+AFNetworking.m */; };
		32882D631A73E4E100FE63C5 /* UIImageView+AFNetworking.m in Sources */ = {isa = PBXBuildFile; fileRef = 32882D571A73E4E100FE63C5 /* UIImageView+AFNetworking.m */; };
		32882D641A73E4E100FE63C5 /* UIProgressView+AFNetworking.m in Sources */ = {isa = PBXBuildFile; fileRef = 32882D5A1A73E4E100FE63C5 /* UIProgressView+AFNetworking.m */; };
		32882D651A73E4E100FE63C5 /* UIRefreshControl+AFNetworking.m in Sources */ = {isa = PBXBuildFile; fileRef = 32882D5C1A73E4E100FE63C5 /* UIRefreshControl+AFNetworking.m */; };
		32882D661A73E4E100FE63C5 /* UIWebView+AFNetworking.m in Sources */ = {isa = PBXBuildFile; fileRef = 32882D5E1A73E4E100FE63C5 /* UIWebView+AFNetworking.m */; };
		32A069311A76535000015743 /* Route.m in Sources */ = {isa = PBXBuildFile; fileRef = 32A069301A76535000015743 /* Route.m */; };
		32DA924E1A7584E900E1F175 /* MyStyleKit.m in Sources */ = {isa = PBXBuildFile; fileRef = 32DA924D1A7584E900E1F175 /* MyStyleKit.m */; };
		32DA92501A75912E00E1F175 /* apple-touch-icon.png in Resources */ = {isa = PBXBuildFile; fileRef = 32DA924F1A75912E00E1F175 /* apple-touch-icon.png */; };
/* End PBXBuildFile section */

/* Begin PBXContainerItemProxy section */
		32882D1B1A73E38000FE63C5 /* PBXContainerItemProxy */ = {
			isa = PBXContainerItemProxy;
			containerPortal = 32882CF91A73E38000FE63C5 /* Project object */;
			proxyType = 1;
			remoteGlobalIDString = 32882D001A73E38000FE63C5;
			remoteInfo = TestAPIv2;
		};
/* End PBXContainerItemProxy section */

/* Begin PBXFileReference section */
		32882D011A73E38000FE63C5 /* TestAPIv2.app */ = {isa = PBXFileReference; explicitFileType = wrapper.application; includeInIndex = 0; path = TestAPIv2.app; sourceTree = BUILT_PRODUCTS_DIR; };
		32882D051A73E38000FE63C5 /* Info.plist */ = {isa = PBXFileReference; lastKnownFileType = text.plist.xml; path = Info.plist; sourceTree = "<group>"; };
		32882D061A73E38000FE63C5 /* main.m */ = {isa = PBXFileReference; lastKnownFileType = sourcecode.c.objc; path = main.m; sourceTree = "<group>"; };
		32882D081A73E38000FE63C5 /* AppDelegate.h */ = {isa = PBXFileReference; lastKnownFileType = sourcecode.c.h; path = AppDelegate.h; sourceTree = "<group>"; };
		32882D091A73E38000FE63C5 /* AppDelegate.m */ = {isa = PBXFileReference; lastKnownFileType = sourcecode.c.objc; path = AppDelegate.m; sourceTree = "<group>"; };
		32882D0B1A73E38000FE63C5 /* MainController.h */ = {isa = PBXFileReference; lastKnownFileType = sourcecode.c.h; path = MainController.h; sourceTree = "<group>"; };
		32882D0C1A73E38000FE63C5 /* MainController.m */ = {isa = PBXFileReference; lastKnownFileType = sourcecode.c.objc; path = MainController.m; sourceTree = "<group>"; };
		32882D0F1A73E38000FE63C5 /* Base */ = {isa = PBXFileReference; lastKnownFileType = file.storyboard; name = Base; path = Base.lproj/Main.storyboard; sourceTree = "<group>"; };
		32882D111A73E38000FE63C5 /* Images.xcassets */ = {isa = PBXFileReference; lastKnownFileType = folder.assetcatalog; path = Images.xcassets; sourceTree = "<group>"; };
		32882D141A73E38000FE63C5 /* Base */ = {isa = PBXFileReference; lastKnownFileType = file.xib; name = Base; path = Base.lproj/LaunchScreen.xib; sourceTree = "<group>"; };
		32882D1A1A73E38000FE63C5 /* TestAPIv2Tests.xctest */ = {isa = PBXFileReference; explicitFileType = wrapper.cfbundle; includeInIndex = 0; path = TestAPIv2Tests.xctest; sourceTree = BUILT_PRODUCTS_DIR; };
		32882D1F1A73E38000FE63C5 /* Info.plist */ = {isa = PBXFileReference; lastKnownFileType = text.plist.xml; path = Info.plist; sourceTree = "<group>"; };
		32882D201A73E38000FE63C5 /* TestAPIv2Tests.m */ = {isa = PBXFileReference; lastKnownFileType = sourcecode.c.objc; path = TestAPIv2Tests.m; sourceTree = "<group>"; };
		32882D2A1A73E4A300FE63C5 /* RequestManager.h */ = {isa = PBXFileReference; fileEncoding = 4; lastKnownFileType = sourcecode.c.h; path = RequestManager.h; sourceTree = "<group>"; };
		32882D2B1A73E4A300FE63C5 /* RequestManager.m */ = {isa = PBXFileReference; fileEncoding = 4; lastKnownFileType = sourcecode.c.objc; path = RequestManager.m; sourceTree = "<group>"; };
		32882D2C1A73E4A300FE63C5 /* Response.h */ = {isa = PBXFileReference; fileEncoding = 4; lastKnownFileType = sourcecode.c.h; path = Response.h; sourceTree = "<group>"; };
		32882D2D1A73E4A300FE63C5 /* Response.m */ = {isa = PBXFileReference; fileEncoding = 4; lastKnownFileType = sourcecode.c.objc; path = Response.m; sourceTree = "<group>"; };
		32882D311A73E4D600FE63C5 /* AFHTTPRequestOperation.h */ = {isa = PBXFileReference; fileEncoding = 4; lastKnownFileType = sourcecode.c.h; path = AFHTTPRequestOperation.h; sourceTree = "<group>"; };
		32882D321A73E4D600FE63C5 /* AFHTTPRequestOperation.m */ = {isa = PBXFileReference; fileEncoding = 4; lastKnownFileType = sourcecode.c.objc; path = AFHTTPRequestOperation.m; sourceTree = "<group>"; };
		32882D331A73E4D600FE63C5 /* AFHTTPRequestOperationManager.h */ = {isa = PBXFileReference; fileEncoding = 4; lastKnownFileType = sourcecode.c.h; path = AFHTTPRequestOperationManager.h; sourceTree = "<group>"; };
		32882D341A73E4D600FE63C5 /* AFHTTPRequestOperationManager.m */ = {isa = PBXFileReference; fileEncoding = 4; lastKnownFileType = sourcecode.c.objc; path = AFHTTPRequestOperationManager.m; sourceTree = "<group>"; };
		32882D351A73E4D600FE63C5 /* AFHTTPSessionManager.h */ = {isa = PBXFileReference; fileEncoding = 4; lastKnownFileType = sourcecode.c.h; path = AFHTTPSessionManager.h; sourceTree = "<group>"; };
		32882D361A73E4D600FE63C5 /* AFHTTPSessionManager.m */ = {isa = PBXFileReference; fileEncoding = 4; lastKnownFileType = sourcecode.c.objc; path = AFHTTPSessionManager.m; sourceTree = "<group>"; };
		32882D371A73E4D600FE63C5 /* AFNetworking.h */ = {isa = PBXFileReference; fileEncoding = 4; lastKnownFileType = sourcecode.c.h; path = AFNetworking.h; sourceTree = "<group>"; };
		32882D381A73E4D600FE63C5 /* AFNetworkReachabilityManager.h */ = {isa = PBXFileReference; fileEncoding = 4; lastKnownFileType = sourcecode.c.h; path = AFNetworkReachabilityManager.h; sourceTree = "<group>"; };
		32882D391A73E4D600FE63C5 /* AFNetworkReachabilityManager.m */ = {isa = PBXFileReference; fileEncoding = 4; lastKnownFileType = sourcecode.c.objc; path = AFNetworkReachabilityManager.m; sourceTree = "<group>"; };
		32882D3A1A73E4D600FE63C5 /* AFSecurityPolicy.h */ = {isa = PBXFileReference; fileEncoding = 4; lastKnownFileType = sourcecode.c.h; path = AFSecurityPolicy.h; sourceTree = "<group>"; };
		32882D3B1A73E4D600FE63C5 /* AFSecurityPolicy.m */ = {isa = PBXFileReference; fileEncoding = 4; lastKnownFileType = sourcecode.c.objc; path = AFSecurityPolicy.m; sourceTree = "<group>"; };
		32882D3C1A73E4D600FE63C5 /* AFURLConnectionOperation.h */ = {isa = PBXFileReference; fileEncoding = 4; lastKnownFileType = sourcecode.c.h; path = AFURLConnectionOperation.h; sourceTree = "<group>"; };
		32882D3D1A73E4D600FE63C5 /* AFURLConnectionOperation.m */ = {isa = PBXFileReference; fileEncoding = 4; lastKnownFileType = sourcecode.c.objc; path = AFURLConnectionOperation.m; sourceTree = "<group>"; };
		32882D3E1A73E4D600FE63C5 /* AFURLRequestSerialization.h */ = {isa = PBXFileReference; fileEncoding = 4; lastKnownFileType = sourcecode.c.h; path = AFURLRequestSerialization.h; sourceTree = "<group>"; };
		32882D3F1A73E4D600FE63C5 /* AFURLRequestSerialization.m */ = {isa = PBXFileReference; fileEncoding = 4; lastKnownFileType = sourcecode.c.objc; path = AFURLRequestSerialization.m; sourceTree = "<group>"; };
		32882D401A73E4D600FE63C5 /* AFURLResponseSerialization.h */ = {isa = PBXFileReference; fileEncoding = 4; lastKnownFileType = sourcecode.c.h; path = AFURLResponseSerialization.h; sourceTree = "<group>"; };
		32882D411A73E4D600FE63C5 /* AFURLResponseSerialization.m */ = {isa = PBXFileReference; fileEncoding = 4; lastKnownFileType = sourcecode.c.objc; path = AFURLResponseSerialization.m; sourceTree = "<group>"; };
		32882D421A73E4D600FE63C5 /* AFURLSessionManager.h */ = {isa = PBXFileReference; fileEncoding = 4; lastKnownFileType = sourcecode.c.h; path = AFURLSessionManager.h; sourceTree = "<group>"; };
		32882D431A73E4D600FE63C5 /* AFURLSessionManager.m */ = {isa = PBXFileReference; fileEncoding = 4; lastKnownFileType = sourcecode.c.objc; path = AFURLSessionManager.m; sourceTree = "<group>"; };
		32882D4E1A73E4E100FE63C5 /* AFNetworkActivityIndicatorManager.h */ = {isa = PBXFileReference; fileEncoding = 4; lastKnownFileType = sourcecode.c.h; path = AFNetworkActivityIndicatorManager.h; sourceTree = "<group>"; };
		32882D4F1A73E4E100FE63C5 /* AFNetworkActivityIndicatorManager.m */ = {isa = PBXFileReference; fileEncoding = 4; lastKnownFileType = sourcecode.c.objc; path = AFNetworkActivityIndicatorManager.m; sourceTree = "<group>"; };
		32882D501A73E4E100FE63C5 /* UIActivityIndicatorView+AFNetworking.h */ = {isa = PBXFileReference; fileEncoding = 4; lastKnownFileType = sourcecode.c.h; path = "UIActivityIndicatorView+AFNetworking.h"; sourceTree = "<group>"; };
		32882D511A73E4E100FE63C5 /* UIActivityIndicatorView+AFNetworking.m */ = {isa = PBXFileReference; fileEncoding = 4; lastKnownFileType = sourcecode.c.objc; path = "UIActivityIndicatorView+AFNetworking.m"; sourceTree = "<group>"; };
		32882D521A73E4E100FE63C5 /* UIAlertView+AFNetworking.h */ = {isa = PBXFileReference; fileEncoding = 4; lastKnownFileType = sourcecode.c.h; path = "UIAlertView+AFNetworking.h"; sourceTree = "<group>"; };
		32882D531A73E4E100FE63C5 /* UIAlertView+AFNetworking.m */ = {isa = PBXFileReference; fileEncoding = 4; lastKnownFileType = sourcecode.c.objc; path = "UIAlertView+AFNetworking.m"; sourceTree = "<group>"; };
		32882D541A73E4E100FE63C5 /* UIButton+AFNetworking.h */ = {isa = PBXFileReference; fileEncoding = 4; lastKnownFileType = sourcecode.c.h; path = "UIButton+AFNetworking.h"; sourceTree = "<group>"; };
		32882D551A73E4E100FE63C5 /* UIButton+AFNetworking.m */ = {isa = PBXFileReference; fileEncoding = 4; lastKnownFileType = sourcecode.c.objc; path = "UIButton+AFNetworking.m"; sourceTree = "<group>"; };
		32882D561A73E4E100FE63C5 /* UIImageView+AFNetworking.h */ = {isa = PBXFileReference; fileEncoding = 4; lastKnownFileType = sourcecode.c.h; path = "UIImageView+AFNetworking.h"; sourceTree = "<group>"; };
		32882D571A73E4E100FE63C5 /* UIImageView+AFNetworking.m */ = {isa = PBXFileReference; fileEncoding = 4; lastKnownFileType = sourcecode.c.objc; path = "UIImageView+AFNetworking.m"; sourceTree = "<group>"; };
		32882D581A73E4E100FE63C5 /* UIKit+AFNetworking.h */ = {isa = PBXFileReference; fileEncoding = 4; lastKnownFileType = sourcecode.c.h; path = "UIKit+AFNetworking.h"; sourceTree = "<group>"; };
		32882D591A73E4E100FE63C5 /* UIProgressView+AFNetworking.h */ = {isa = PBXFileReference; fileEncoding = 4; lastKnownFileType = sourcecode.c.h; path = "UIProgressView+AFNetworking.h"; sourceTree = "<group>"; };
		32882D5A1A73E4E100FE63C5 /* UIProgressView+AFNetworking.m */ = {isa = PBXFileReference; fileEncoding = 4; lastKnownFileType = sourcecode.c.objc; path = "UIProgressView+AFNetworking.m"; sourceTree = "<group>"; };
		32882D5B1A73E4E100FE63C5 /* UIRefreshControl+AFNetworking.h */ = {isa = PBXFileReference; fileEncoding = 4; lastKnownFileType = sourcecode.c.h; path = "UIRefreshControl+AFNetworking.h"; sourceTree = "<group>"; };
		32882D5C1A73E4E100FE63C5 /* UIRefreshControl+AFNetworking.m */ = {isa = PBXFileReference; fileEncoding = 4; lastKnownFileType = sourcecode.c.objc; path = "UIRefreshControl+AFNetworking.m"; sourceTree = "<group>"; };
		32882D5D1A73E4E100FE63C5 /* UIWebView+AFNetworking.h */ = {isa = PBXFileReference; fileEncoding = 4; lastKnownFileType = sourcecode.c.h; path = "UIWebView+AFNetworking.h"; sourceTree = "<group>"; };
		32882D5E1A73E4E100FE63C5 /* UIWebView+AFNetworking.m */ = {isa = PBXFileReference; fileEncoding = 4; lastKnownFileType = sourcecode.c.objc; path = "UIWebView+AFNetworking.m"; sourceTree = "<group>"; };
		32A0692F1A76535000015743 /* Route.h */ = {isa = PBXFileReference; fileEncoding = 4; lastKnownFileType = sourcecode.c.h; path = Route.h; sourceTree = "<group>"; };
		32A069301A76535000015743 /* Route.m */ = {isa = PBXFileReference; fileEncoding = 4; lastKnownFileType = sourcecode.c.objc; path = Route.m; sourceTree = "<group>"; };
		32DA924C1A7584E900E1F175 /* MyStyleKit.h */ = {isa = PBXFileReference; fileEncoding = 4; lastKnownFileType = sourcecode.c.h; path = MyStyleKit.h; sourceTree = "<group>"; };
		32DA924D1A7584E900E1F175 /* MyStyleKit.m */ = {isa = PBXFileReference; fileEncoding = 4; lastKnownFileType = sourcecode.c.objc; path = MyStyleKit.m; sourceTree = "<group>"; };
		32DA924F1A75912E00E1F175 /* apple-touch-icon.png */ = {isa = PBXFileReference; lastKnownFileType = image.png; name = "apple-touch-icon.png"; path = "Resources/apple-touch-icon.png"; sourceTree = "<group>"; };
/* End PBXFileReference section */

/* Begin PBXFrameworksBuildPhase section */
		32882CFE1A73E38000FE63C5 /* Frameworks */ = {
			isa = PBXFrameworksBuildPhase;
			buildActionMask = 2147483647;
			files = (
			);
			runOnlyForDeploymentPostprocessing = 0;
		};
		32882D171A73E38000FE63C5 /* Frameworks */ = {
			isa = PBXFrameworksBuildPhase;
			buildActionMask = 2147483647;
			files = (
			);
			runOnlyForDeploymentPostprocessing = 0;
		};
/* End PBXFrameworksBuildPhase section */

/* Begin PBXGroup section */
		32882CF81A73E38000FE63C5 = {
			isa = PBXGroup;
			children = (
				32882D031A73E38000FE63C5 /* TestAPIv2 */,
				32882D671A73E4EF00FE63C5 /* Frameworks */,
				32882D1D1A73E38000FE63C5 /* TestAPIv2Tests */,
				32882D021A73E38000FE63C5 /* Products */,
			);
			sourceTree = "<group>";
		};
		32882D021A73E38000FE63C5 /* Products */ = {
			isa = PBXGroup;
			children = (
				32882D011A73E38000FE63C5 /* TestAPIv2.app */,
				32882D1A1A73E38000FE63C5 /* TestAPIv2Tests.xctest */,
			);
			name = Products;
			sourceTree = "<group>";
		};
		32882D031A73E38000FE63C5 /* TestAPIv2 */ = {
			isa = PBXGroup;
			children = (
				32882D081A73E38000FE63C5 /* AppDelegate.h */,
				32882D091A73E38000FE63C5 /* AppDelegate.m */,
				32DA924C1A7584E900E1F175 /* MyStyleKit.h */,
				32DA924D1A7584E900E1F175 /* MyStyleKit.m */,
				32882D2A1A73E4A300FE63C5 /* RequestManager.h */,
				32882D2B1A73E4A300FE63C5 /* RequestManager.m */,
				32882D2C1A73E4A300FE63C5 /* Response.h */,
				32882D2D1A73E4A300FE63C5 /* Response.m */,
				32A0692F1A76535000015743 /* Route.h */,
				32A069301A76535000015743 /* Route.m */,
				32A0692E1A764FAE00015743 /* MainController */,
				32882D0E1A73E38000FE63C5 /* Main.storyboard */,
				32882D111A73E38000FE63C5 /* Images.xcassets */,
				32882D131A73E38000FE63C5 /* LaunchScreen.xib */,
				32DA92511A75914700E1F175 /* Resources */,
				32882D041A73E38000FE63C5 /* Supporting Files */,
			);
			path = TestAPIv2;
			sourceTree = "<group>";
		};
		32882D041A73E38000FE63C5 /* Supporting Files */ = {
			isa = PBXGroup;
			children = (
				32882D051A73E38000FE63C5 /* Info.plist */,
				32882D061A73E38000FE63C5 /* main.m */,
			);
			name = "Supporting Files";
			sourceTree = "<group>";
		};
		32882D1D1A73E38000FE63C5 /* TestAPIv2Tests */ = {
			isa = PBXGroup;
			children = (
				32882D201A73E38000FE63C5 /* TestAPIv2Tests.m */,
				32882D1E1A73E38000FE63C5 /* Supporting Files */,
			);
			path = TestAPIv2Tests;
			sourceTree = "<group>";
		};
		32882D1E1A73E38000FE63C5 /* Supporting Files */ = {
			isa = PBXGroup;
			children = (
				32882D1F1A73E38000FE63C5 /* Info.plist */,
			);
			name = "Supporting Files";
			sourceTree = "<group>";
		};
		32882D301A73E4D600FE63C5 /* AFNetworking */ = {
			isa = PBXGroup;
			children = (
				32882D311A73E4D600FE63C5 /* AFHTTPRequestOperation.h */,
				32882D321A73E4D600FE63C5 /* AFHTTPRequestOperation.m */,
				32882D331A73E4D600FE63C5 /* AFHTTPRequestOperationManager.h */,
				32882D341A73E4D600FE63C5 /* AFHTTPRequestOperationManager.m */,
				32882D351A73E4D600FE63C5 /* AFHTTPSessionManager.h */,
				32882D361A73E4D600FE63C5 /* AFHTTPSessionManager.m */,
				32882D371A73E4D600FE63C5 /* AFNetworking.h */,
				32882D381A73E4D600FE63C5 /* AFNetworkReachabilityManager.h */,
				32882D391A73E4D600FE63C5 /* AFNetworkReachabilityManager.m */,
				32882D3A1A73E4D600FE63C5 /* AFSecurityPolicy.h */,
				32882D3B1A73E4D600FE63C5 /* AFSecurityPolicy.m */,
				32882D3C1A73E4D600FE63C5 /* AFURLConnectionOperation.h */,
				32882D3D1A73E4D600FE63C5 /* AFURLConnectionOperation.m */,
				32882D3E1A73E4D600FE63C5 /* AFURLRequestSerialization.h */,
				32882D3F1A73E4D600FE63C5 /* AFURLRequestSerialization.m */,
				32882D401A73E4D600FE63C5 /* AFURLResponseSerialization.h */,
				32882D411A73E4D600FE63C5 /* AFURLResponseSerialization.m */,
				32882D421A73E4D600FE63C5 /* AFURLSessionManager.h */,
				32882D431A73E4D600FE63C5 /* AFURLSessionManager.m */,
			);
			name = AFNetworking;
			path = Frameworks/AFNetworking;
			sourceTree = "<group>";
		};
		32882D4D1A73E4E100FE63C5 /* UIKit+AFNetworking */ = {
			isa = PBXGroup;
			children = (
				32882D4E1A73E4E100FE63C5 /* AFNetworkActivityIndicatorManager.h */,
				32882D4F1A73E4E100FE63C5 /* AFNetworkActivityIndicatorManager.m */,
				32882D501A73E4E100FE63C5 /* UIActivityIndicatorView+AFNetworking.h */,
				32882D511A73E4E100FE63C5 /* UIActivityIndicatorView+AFNetworking.m */,
				32882D521A73E4E100FE63C5 /* UIAlertView+AFNetworking.h */,
				32882D531A73E4E100FE63C5 /* UIAlertView+AFNetworking.m */,
				32882D541A73E4E100FE63C5 /* UIButton+AFNetworking.h */,
				32882D551A73E4E100FE63C5 /* UIButton+AFNetworking.m */,
				32882D561A73E4E100FE63C5 /* UIImageView+AFNetworking.h */,
				32882D571A73E4E100FE63C5 /* UIImageView+AFNetworking.m */,
				32882D581A73E4E100FE63C5 /* UIKit+AFNetworking.h */,
				32882D591A73E4E100FE63C5 /* UIProgressView+AFNetworking.h */,
				32882D5A1A73E4E100FE63C5 /* UIProgressView+AFNetworking.m */,
				32882D5B1A73E4E100FE63C5 /* UIRefreshControl+AFNetworking.h */,
				32882D5C1A73E4E100FE63C5 /* UIRefreshControl+AFNetworking.m */,
				32882D5D1A73E4E100FE63C5 /* UIWebView+AFNetworking.h */,
				32882D5E1A73E4E100FE63C5 /* UIWebView+AFNetworking.m */,
			);
			name = "UIKit+AFNetworking";
			path = "Frameworks/UIKit+AFNetworking";
			sourceTree = "<group>";
		};
		32882D671A73E4EF00FE63C5 /* Frameworks */ = {
			isa = PBXGroup;
			children = (
				32882D4D1A73E4E100FE63C5 /* UIKit+AFNetworking */,
				32882D301A73E4D600FE63C5 /* AFNetworking */,
			);
			name = Frameworks;
			path = TestAPIv2;
			sourceTree = "<group>";
		};
		32A0692E1A764FAE00015743 /* MainController */ = {
			isa = PBXGroup;
			children = (
				32882D0B1A73E38000FE63C5 /* MainController.h */,
				32882D0C1A73E38000FE63C5 /* MainController.m */,
			);
			name = MainController;
			sourceTree = "<group>";
		};
		32DA92511A75914700E1F175 /* Resources */ = {
			isa = PBXGroup;
			children = (
				32DA924F1A75912E00E1F175 /* apple-touch-icon.png */,
			);
			name = Resources;
			sourceTree = "<group>";
		};
/* End PBXGroup section */

/* Begin PBXNativeTarget section */
		32882D001A73E38000FE63C5 /* TestAPIv2 */ = {
			isa = PBXNativeTarget;
			buildConfigurationList = 32882D241A73E38000FE63C5 /* Build configuration list for PBXNativeTarget "TestAPIv2" */;
			buildPhases = (
				32882CFD1A73E38000FE63C5 /* Sources */,
				32882CFE1A73E38000FE63C5 /* Frameworks */,
				32882CFF1A73E38000FE63C5 /* Resources */,
			);
			buildRules = (
			);
			dependencies = (
			);
			name = TestAPIv2;
			productName = TestAPIv2;
			productReference = 32882D011A73E38000FE63C5 /* TestAPIv2.app */;
			productType = "com.apple.product-type.application";
		};
		32882D191A73E38000FE63C5 /* TestAPIv2Tests */ = {
			isa = PBXNativeTarget;
			buildConfigurationList = 32882D271A73E38000FE63C5 /* Build configuration list for PBXNativeTarget "TestAPIv2Tests" */;
			buildPhases = (
				32882D161A73E38000FE63C5 /* Sources */,
				32882D171A73E38000FE63C5 /* Frameworks */,
				32882D181A73E38000FE63C5 /* Resources */,
			);
			buildRules = (
			);
			dependencies = (
				32882D1C1A73E38000FE63C5 /* PBXTargetDependency */,
			);
			name = TestAPIv2Tests;
			productName = TestAPIv2Tests;
			productReference = 32882D1A1A73E38000FE63C5 /* TestAPIv2Tests.xctest */;
			productType = "com.apple.product-type.bundle.unit-test";
		};
/* End PBXNativeTarget section */

/* Begin PBXProject section */
		32882CF91A73E38000FE63C5 /* Project object */ = {
			isa = PBXProject;
			attributes = {
				LastUpgradeCheck = 0610;
				ORGANIZATIONNAME = "Dmitriy Demchenko";
				TargetAttributes = {
					32882D001A73E38000FE63C5 = {
						CreatedOnToolsVersion = 6.1.1;
					};
					32882D191A73E38000FE63C5 = {
						CreatedOnToolsVersion = 6.1.1;
						TestTargetID = 32882D001A73E38000FE63C5;
					};
				};
			};
			buildConfigurationList = 32882CFC1A73E38000FE63C5 /* Build configuration list for PBXProject "TestAPIv2" */;
			compatibilityVersion = "Xcode 3.2";
			developmentRegion = English;
			hasScannedForEncodings = 0;
			knownRegions = (
				en,
				Base,
			);
			mainGroup = 32882CF81A73E38000FE63C5;
			productRefGroup = 32882D021A73E38000FE63C5 /* Products */;
			projectDirPath = "";
			projectRoot = "";
			targets = (
				32882D001A73E38000FE63C5 /* TestAPIv2 */,
				32882D191A73E38000FE63C5 /* TestAPIv2Tests */,
			);
		};
/* End PBXProject section */

/* Begin PBXResourcesBuildPhase section */
		32882CFF1A73E38000FE63C5 /* Resources */ = {
			isa = PBXResourcesBuildPhase;
			buildActionMask = 2147483647;
			files = (
				32882D101A73E38000FE63C5 /* Main.storyboard in Resources */,
				32882D151A73E38000FE63C5 /* LaunchScreen.xib in Resources */,
				32882D121A73E38000FE63C5 /* Images.xcassets in Resources */,
				32DA92501A75912E00E1F175 /* apple-touch-icon.png in Resources */,
			);
			runOnlyForDeploymentPostprocessing = 0;
		};
		32882D181A73E38000FE63C5 /* Resources */ = {
			isa = PBXResourcesBuildPhase;
			buildActionMask = 2147483647;
			files = (
			);
			runOnlyForDeploymentPostprocessing = 0;
		};
/* End PBXResourcesBuildPhase section */

/* Begin PBXSourcesBuildPhase section */
		32882CFD1A73E38000FE63C5 /* Sources */ = {
			isa = PBXSourcesBuildPhase;
			buildActionMask = 2147483647;
			files = (
				32882D491A73E4D600FE63C5 /* AFURLConnectionOperation.m in Sources */,
				32882D441A73E4D600FE63C5 /* AFHTTPRequestOperation.m in Sources */,
				32882D621A73E4E100FE63C5 /* UIButton+AFNetworking.m in Sources */,
				32882D471A73E4D600FE63C5 /* AFNetworkReachabilityManager.m in Sources */,
				32882D641A73E4E100FE63C5 /* UIProgressView+AFNetworking.m in Sources */,
				32882D4C1A73E4D600FE63C5 /* AFURLSessionManager.m in Sources */,
				32882D4A1A73E4D600FE63C5 /* AFURLRequestSerialization.m in Sources */,
				32882D2F1A73E4A300FE63C5 /* Response.m in Sources */,
				32882D651A73E4E100FE63C5 /* UIRefreshControl+AFNetworking.m in Sources */,
				32DA924E1A7584E900E1F175 /* MyStyleKit.m in Sources */,
				32882D4B1A73E4D600FE63C5 /* AFURLResponseSerialization.m in Sources */,
				32882D2E1A73E4A300FE63C5 /* RequestManager.m in Sources */,
				32882D631A73E4E100FE63C5 /* UIImageView+AFNetworking.m in Sources */,
				32882D0D1A73E38000FE63C5 /* MainController.m in Sources */,
				32882D611A73E4E100FE63C5 /* UIAlertView+AFNetworking.m in Sources */,
				32A069311A76535000015743 /* Route.m in Sources */,
				32882D451A73E4D600FE63C5 /* AFHTTPRequestOperationManager.m in Sources */,
				32882D481A73E4D600FE63C5 /* AFSecurityPolicy.m in Sources */,
				32882D661A73E4E100FE63C5 /* UIWebView+AFNetworking.m in Sources */,
				32882D0A1A73E38000FE63C5 /* AppDelegate.m in Sources */,
				32882D071A73E38000FE63C5 /* main.m in Sources */,
				32882D461A73E4D600FE63C5 /* AFHTTPSessionManager.m in Sources */,
				32882D601A73E4E100FE63C5 /* UIActivityIndicatorView+AFNetworking.m in Sources */,
				32882D5F1A73E4E100FE63C5 /* AFNetworkActivityIndicatorManager.m in Sources */,
			);
			runOnlyForDeploymentPostprocessing = 0;
		};
		32882D161A73E38000FE63C5 /* Sources */ = {
			isa = PBXSourcesBuildPhase;
			buildActionMask = 2147483647;
			files = (
				32882D211A73E38000FE63C5 /* TestAPIv2Tests.m in Sources */,
			);
			runOnlyForDeploymentPostprocessing = 0;
		};
/* End PBXSourcesBuildPhase section */

/* Begin PBXTargetDependency section */
		32882D1C1A73E38000FE63C5 /* PBXTargetDependency */ = {
			isa = PBXTargetDependency;
			target = 32882D001A73E38000FE63C5 /* TestAPIv2 */;
			targetProxy = 32882D1B1A73E38000FE63C5 /* PBXContainerItemProxy */;
		};
/* End PBXTargetDependency section */

/* Begin PBXVariantGroup section */
		32882D0E1A73E38000FE63C5 /* Main.storyboard */ = {
			isa = PBXVariantGroup;
			children = (
				32882D0F1A73E38000FE63C5 /* Base */,
			);
			name = Main.storyboard;
			sourceTree = "<group>";
		};
		32882D131A73E38000FE63C5 /* LaunchScreen.xib */ = {
			isa = PBXVariantGroup;
			children = (
				32882D141A73E38000FE63C5 /* Base */,
			);
			name = LaunchScreen.xib;
			sourceTree = "<group>";
		};
/* End PBXVariantGroup section */

/* Begin XCBuildConfiguration section */
		32882D221A73E38000FE63C5 /* Debug */ = {
			isa = XCBuildConfiguration;
			buildSettings = {
				ALWAYS_SEARCH_USER_PATHS = NO;
				CLANG_CXX_LANGUAGE_STANDARD = "gnu++0x";
				CLANG_CXX_LIBRARY = "libc++";
				CLANG_ENABLE_MODULES = YES;
				CLANG_ENABLE_OBJC_ARC = YES;
				CLANG_WARN_BOOL_CONVERSION = YES;
				CLANG_WARN_CONSTANT_CONVERSION = YES;
				CLANG_WARN_DIRECT_OBJC_ISA_USAGE = YES_ERROR;
				CLANG_WARN_EMPTY_BODY = YES;
				CLANG_WARN_ENUM_CONVERSION = YES;
				CLANG_WARN_INT_CONVERSION = YES;
				CLANG_WARN_OBJC_ROOT_CLASS = YES_ERROR;
				CLANG_WARN_UNREACHABLE_CODE = YES;
				CLANG_WARN__DUPLICATE_METHOD_MATCH = YES;
				"CODE_SIGN_IDENTITY[sdk=iphoneos*]" = "iPhone Developer";
				COPY_PHASE_STRIP = NO;
				ENABLE_STRICT_OBJC_MSGSEND = YES;
				GCC_C_LANGUAGE_STANDARD = gnu99;
				GCC_DYNAMIC_NO_PIC = NO;
				GCC_OPTIMIZATION_LEVEL = 0;
				GCC_PREPROCESSOR_DEFINITIONS = (
					"DEBUG=1",
					"$(inherited)",
				);
				GCC_SYMBOLS_PRIVATE_EXTERN = NO;
				GCC_WARN_64_TO_32_BIT_CONVERSION = YES;
				GCC_WARN_ABOUT_RETURN_TYPE = YES_ERROR;
				GCC_WARN_UNDECLARED_SELECTOR = YES;
				GCC_WARN_UNINITIALIZED_AUTOS = YES_AGGRESSIVE;
				GCC_WARN_UNUSED_FUNCTION = YES;
				GCC_WARN_UNUSED_VARIABLE = YES;
				IPHONEOS_DEPLOYMENT_TARGET = 8.1;
				MTL_ENABLE_DEBUG_INFO = YES;
				ONLY_ACTIVE_ARCH = YES;
				SDKROOT = iphoneos;
			};
			name = Debug;
		};
		32882D231A73E38000FE63C5 /* Release */ = {
			isa = XCBuildConfiguration;
			buildSettings = {
				ALWAYS_SEARCH_USER_PATHS = NO;
				CLANG_CXX_LANGUAGE_STANDARD = "gnu++0x";
				CLANG_CXX_LIBRARY = "libc++";
				CLANG_ENABLE_MODULES = YES;
				CLANG_ENABLE_OBJC_ARC = YES;
				CLANG_WARN_BOOL_CONVERSION = YES;
				CLANG_WARN_CONSTANT_CONVERSION = YES;
				CLANG_WARN_DIRECT_OBJC_ISA_USAGE = YES_ERROR;
				CLANG_WARN_EMPTY_BODY = YES;
				CLANG_WARN_ENUM_CONVERSION = YES;
				CLANG_WARN_INT_CONVERSION = YES;
				CLANG_WARN_OBJC_ROOT_CLASS = YES_ERROR;
				CLANG_WARN_UNREACHABLE_CODE = YES;
				CLANG_WARN__DUPLICATE_METHOD_MATCH = YES;
				"CODE_SIGN_IDENTITY[sdk=iphoneos*]" = "iPhone Developer";
				COPY_PHASE_STRIP = YES;
				ENABLE_NS_ASSERTIONS = NO;
				ENABLE_STRICT_OBJC_MSGSEND = YES;
				GCC_C_LANGUAGE_STANDARD = gnu99;
				GCC_WARN_64_TO_32_BIT_CONVERSION = YES;
				GCC_WARN_ABOUT_RETURN_TYPE = YES_ERROR;
				GCC_WARN_UNDECLARED_SELECTOR = YES;
				GCC_WARN_UNINITIALIZED_AUTOS = YES_AGGRESSIVE;
				GCC_WARN_UNUSED_FUNCTION = YES;
				GCC_WARN_UNUSED_VARIABLE = YES;
				IPHONEOS_DEPLOYMENT_TARGET = 8.1;
				MTL_ENABLE_DEBUG_INFO = NO;
				SDKROOT = iphoneos;
				VALIDATE_PRODUCT = YES;
			};
			name = Release;
		};
		32882D251A73E38000FE63C5 /* Debug */ = {
			isa = XCBuildConfiguration;
			buildSettings = {
				ASSETCATALOG_COMPILER_APPICON_NAME = AppIcon;
				INFOPLIST_FILE = TestAPIv2/Info.plist;
				LD_RUNPATH_SEARCH_PATHS = "$(inherited) @executable_path/Frameworks";
				PRODUCT_NAME = "$(TARGET_NAME)";
			};
			name = Debug;
		};
		32882D261A73E38000FE63C5 /* Release */ = {
			isa = XCBuildConfiguration;
			buildSettings = {
				ASSETCATALOG_COMPILER_APPICON_NAME = AppIcon;
				INFOPLIST_FILE = TestAPIv2/Info.plist;
				LD_RUNPATH_SEARCH_PATHS = "$(inherited) @executable_path/Frameworks";
				PRODUCT_NAME = "$(TARGET_NAME)";
			};
			name = Release;
		};
		32882D281A73E38000FE63C5 /* Debug */ = {
			isa = XCBuildConfiguration;
			buildSettings = {
				BUNDLE_LOADER = "$(TEST_HOST)";
				FRAMEWORK_SEARCH_PATHS = (
					"$(SDKROOT)/Developer/Library/Frameworks",
					"$(inherited)",
				);
				GCC_PREPROCESSOR_DEFINITIONS = (
					"DEBUG=1",
					"$(inherited)",
				);
				INFOPLIST_FILE = TestAPIv2Tests/Info.plist;
				LD_RUNPATH_SEARCH_PATHS = "$(inherited) @executable_path/Frameworks @loader_path/Frameworks";
				PRODUCT_NAME = "$(TARGET_NAME)";
				TEST_HOST = "$(BUILT_PRODUCTS_DIR)/TestAPIv2.app/TestAPIv2";
			};
			name = Debug;
		};
		32882D291A73E38000FE63C5 /* Release */ = {
			isa = XCBuildConfiguration;
			buildSettings = {
				BUNDLE_LOADER = "$(TEST_HOST)";
				FRAMEWORK_SEARCH_PATHS = (
					"$(SDKROOT)/Developer/Library/Frameworks",
					"$(inherited)",
				);
				INFOPLIST_FILE = TestAPIv2Tests/Info.plist;
				LD_RUNPATH_SEARCH_PATHS = "$(inherited) @executable_path/Frameworks @loader_path/Frameworks";
				PRODUCT_NAME = "$(TARGET_NAME)";
				TEST_HOST = "$(BUILT_PRODUCTS_DIR)/TestAPIv2.app/TestAPIv2";
			};
			name = Release;
		};
/* End XCBuildConfiguration section */

/* Begin XCConfigurationList section */
		32882CFC1A73E38000FE63C5 /* Build configuration list for PBXProject "TestAPIv2" */ = {
			isa = XCConfigurationList;
			buildConfigurations = (
				32882D221A73E38000FE63C5 /* Debug */,
				32882D231A73E38000FE63C5 /* Release */,
			);
			defaultConfigurationIsVisible = 0;
			defaultConfigurationName = Release;
		};
		32882D241A73E38000FE63C5 /* Build configuration list for PBXNativeTarget "TestAPIv2" */ = {
			isa = XCConfigurationList;
			buildConfigurations = (
				32882D251A73E38000FE63C5 /* Debug */,
				32882D261A73E38000FE63C5 /* Release */,
			);
			defaultConfigurationIsVisible = 0;
			defaultConfigurationName = Release;
		};
		32882D271A73E38000FE63C5 /* Build configuration list for PBXNativeTarget "TestAPIv2Tests" */ = {
			isa = XCConfigurationList;
			buildConfigurations = (
				32882D281A73E38000FE63C5 /* Debug */,
				32882D291A73E38000FE63C5 /* Release */,
			);
			defaultConfigurationIsVisible = 0;
			defaultConfigurationName = Release;
		};
/* End XCConfigurationList section */
	};
	rootObject = 32882CF91A73E38000FE63C5 /* Project object */;
}
